// !$*UTF8*$!
{
	archiveVersion = 1;
	classes = {
	};
	objectVersion = 50;
	objects = {

/* Begin PBXBuildFile section */
		02BE18AF48AACC1F1F03B49740C2A579 /* GMSPanoramaView.h in Headers */ = {isa = PBXBuildFile; fileRef = 85FF020F8EC34D6167173A600A86C026 /* GMSPanoramaView.h */; settings = {ATTRIBUTES = (Public, ); }; };
		0899B74F4E284DB67AB022E7C25D2375 /* GMSMapView+Animation.h in Headers */ = {isa = PBXBuildFile; fileRef = 5DB96932808DB87A59B25AA5522B64FD /* GMSMapView+Animation.h */; settings = {ATTRIBUTES = (Public, ); }; };
		0DCEACF649E95198260803446C271674 /* GMSCircle.h in Headers */ = {isa = PBXBuildFile; fileRef = 9B4D859C3B43A7191CE023B1552B921C /* GMSCircle.h */; settings = {ATTRIBUTES = (Public, ); }; };
		10BA5BFED1F2145E3C643944940F5F17 /* GMSURLTileLayer.h in Headers */ = {isa = PBXBuildFile; fileRef = 34C1D29576187D039EA65892D0BFDE9D /* GMSURLTileLayer.h */; settings = {ATTRIBUTES = (Public, ); }; };
		141E3BDFBBB5AA6EDF357B4B9729DB46 /* ImageIO.framework in Frameworks */ = {isa = PBXBuildFile; fileRef = E6B9E34FA9DF5CA675CADB7290F26737 /* ImageIO.framework */; };
		1B43DCFAD0C1BE39CF81EF5F67B3A44F /* GMSMapLayer.h in Headers */ = {isa = PBXBuildFile; fileRef = EE97E40B76C8894A27CC4D770A8D7F70 /* GMSMapLayer.h */; settings = {ATTRIBUTES = (Public, ); }; };
		1C502FC07F61849AA8A78933E5C7B678 /* UIKit.framework in Frameworks */ = {isa = PBXBuildFile; fileRef = B4B9AF62E49241DD8104828F0C427981 /* UIKit.framework */; };
		1FDD99EC1B19974799F14AD541109C9A /* GMSCoordinateBounds+GoogleMaps.h in Headers */ = {isa = PBXBuildFile; fileRef = 9FB310DCC6CADE1A041BE7DF7DCD55C3 /* GMSCoordinateBounds+GoogleMaps.h */; settings = {ATTRIBUTES = (Public, ); }; };
		234FEF7130498D619FEEBFAF06ED1F29 /* GoogleMapsBase.framework in Frameworks */ = {isa = PBXBuildFile; fileRef = 3150E92FABC72B94436E8A55C8FBBF9E /* GoogleMapsBase.framework */; };
		235785368473E9929C45B853DC173ED6 /* GoogleMapsBase.framework in Frameworks */ = {isa = PBXBuildFile; fileRef = 3150E92FABC72B94436E8A55C8FBBF9E /* GoogleMapsBase.framework */; };
		2563DC09B3301EEC36FCC9EAB019C6FF /* libc++.tbd in Frameworks */ = {isa = PBXBuildFile; fileRef = 6DE74BB2E2B103EF5D3CE9F31F8B5CC2 /* libc++.tbd */; };
		2754C52679B24304543E7A58923FF2FE /* GoogleMaps.framework in Frameworks */ = {isa = PBXBuildFile; fileRef = 936BB3BD802D874C3282CC74E87E9564 /* GoogleMaps.framework */; };
		2845BEB6089C75141DF3058762124359 /* GMSPanoramaCameraUpdate.h in Headers */ = {isa = PBXBuildFile; fileRef = CC9C1B49F5D259BF25E2AAF7B6BBBCD7 /* GMSPanoramaCameraUpdate.h */; settings = {ATTRIBUTES = (Public, ); }; };
		28C0781F33EF3245A3C8192B744154ED /* GMSCameraPosition.h in Headers */ = {isa = PBXBuildFile; fileRef = A64A2153813C3F0A4445E6E978DE855E /* GMSCameraPosition.h */; settings = {ATTRIBUTES = (Public, ); }; };
		2AF691A05E68E61DDAA027A963110C74 /* libz.tbd in Frameworks */ = {isa = PBXBuildFile; fileRef = 658B524FEBA56F3208604DA42A4EBAFD /* libz.tbd */; };
		2B38F1CCAE5DCADA761A6378E6C38028 /* GMSPolygonLayer.h in Headers */ = {isa = PBXBuildFile; fileRef = 02FF9AA59576AE2C109F5A66D11B9395 /* GMSPolygonLayer.h */; settings = {ATTRIBUTES = (Public, ); }; };
		2DFE4CF7B4F98964D82F4035F9D8D363 /* GMSPanoramaService.h in Headers */ = {isa = PBXBuildFile; fileRef = F54EFE788A47B06B0537F1F209475452 /* GMSPanoramaService.h */; settings = {ATTRIBUTES = (Public, ); }; };
		2F6CB1BCF2E166B93A694BFE07F4F6B9 /* GMSAddress.h in Headers */ = {isa = PBXBuildFile; fileRef = 1FCC8CAA17ABF2593A34F8F09DDB2242 /* GMSAddress.h */; settings = {ATTRIBUTES = (Public, ); }; };
		324D7A3FA15A8EF9E193FF69B5237797 /* GMSCameraUpdate.h in Headers */ = {isa = PBXBuildFile; fileRef = 5C92B54F48252C982E32A4CF12DA4183 /* GMSCameraUpdate.h */; settings = {ATTRIBUTES = (Public, ); }; };
		32BD20801864CE76EDC583C214775078 /* GMSMapLayer.h in Headers */ = {isa = PBXBuildFile; fileRef = EE97E40B76C8894A27CC4D770A8D7F70 /* GMSMapLayer.h */; settings = {ATTRIBUTES = (Public, ); }; };
		33511B1D6AC39F03468354FB22B69B03 /* GMSPanoramaView.h in Headers */ = {isa = PBXBuildFile; fileRef = 85FF020F8EC34D6167173A600A86C026 /* GMSPanoramaView.h */; settings = {ATTRIBUTES = (Public, ); }; };
		342D446C16D79AC5CC06005B20261C8B /* GMSProjection.h in Headers */ = {isa = PBXBuildFile; fileRef = E7B82865EA26F1A892ABCE1BEABAE807 /* GMSProjection.h */; settings = {ATTRIBUTES = (Public, ); }; };
		34DF1CCDEAA466EA5E48391F79533BA0 /* GMSCameraUpdate.h in Headers */ = {isa = PBXBuildFile; fileRef = 5C92B54F48252C982E32A4CF12DA4183 /* GMSCameraUpdate.h */; settings = {ATTRIBUTES = (Public, ); }; };
		372D0162C5021CE7084E752A0DDC9258 /* GMSMapView+Animation.h in Headers */ = {isa = PBXBuildFile; fileRef = 5DB96932808DB87A59B25AA5522B64FD /* GMSMapView+Animation.h */; settings = {ATTRIBUTES = (Public, ); }; };
		3B6C5D75E50B15CE5DC8A9C1FDC11A49 /* SystemConfiguration.framework in Frameworks */ = {isa = PBXBuildFile; fileRef = 39197A876D7B2407FEC8D2824AA8ADCC /* SystemConfiguration.framework */; };
		3D1CE09266B6F5F595DA62ADA5C25A8B /* GMSUISettings.h in Headers */ = {isa = PBXBuildFile; fileRef = 442E4508EFDE38C8F949558B63781EA7 /* GMSUISettings.h */; settings = {ATTRIBUTES = (Public, ); }; };
		3D424E3765829E480BD25B7EFD33001F /* GoogleMaps.h in Headers */ = {isa = PBXBuildFile; fileRef = F365E325088DC6A990009AEB2D4CB3F4 /* GoogleMaps.h */; settings = {ATTRIBUTES = (Public, ); }; };
		3F48A3F98E1EED7CA568C91A486063EE /* GMSPolygonLayer.h in Headers */ = {isa = PBXBuildFile; fileRef = 02FF9AA59576AE2C109F5A66D11B9395 /* GMSPolygonLayer.h */; settings = {ATTRIBUTES = (Public, ); }; };
		401683CD5CC482D8570736D48B7643E6 /* GMSCoordinateBounds.h in Headers */ = {isa = PBXBuildFile; fileRef = ED2682DC6F1159EC6B30794C01EF9C15 /* GMSCoordinateBounds.h */; settings = {ATTRIBUTES = (Public, ); }; };
		43B7BC720E9A99AA9D440807D4B71283 /* GMSOrientation.h in Headers */ = {isa = PBXBuildFile; fileRef = 9D54EC6EFA332F7AC8ACD67D45C4275C /* GMSOrientation.h */; settings = {ATTRIBUTES = (Public, ); }; };
		445B3EA7B5361E6B8527B6CC63AE963E /* GMSServices.h in Headers */ = {isa = PBXBuildFile; fileRef = D7EFE1F873F72C50BF602726FFBA4ADE /* GMSServices.h */; settings = {ATTRIBUTES = (Public, ); }; };
		4769AFF03817147B6E9E94FCE168E34A /* CoreText.framework in Frameworks */ = {isa = PBXBuildFile; fileRef = 2B07D81F52F16F84D048BE48C11BCECA /* CoreText.framework */; };
		48354CB7AEA1C057C6D799BE31BF7AAE /* CoreGraphics.framework in Frameworks */ = {isa = PBXBuildFile; fileRef = EAB2DFE038166ED69C6D365FBC3312E1 /* CoreGraphics.framework */; };
		4CF83827B3CC5E7995843248C6B4F8D5 /* CoreLocation.framework in Frameworks */ = {isa = PBXBuildFile; fileRef = 77D6342D920A3B1084A3346797412D0C /* CoreLocation.framework */; };
		4E1178E85B1696539EE4DDFBD12EC40D /* GMSMapStyle.h in Headers */ = {isa = PBXBuildFile; fileRef = 717125A4482692C8CD8336CBFEE60835 /* GMSMapStyle.h */; settings = {ATTRIBUTES = (Public, ); }; };
		4E8CD1E1F37816267A85F2696C67238A /* GMSServices.h in Headers */ = {isa = PBXBuildFile; fileRef = D7EFE1F873F72C50BF602726FFBA4ADE /* GMSServices.h */; settings = {ATTRIBUTES = (Public, ); }; };
		5193D156AB1BF41D5105FA0B788B018E /* GoogleMapsBase.h in Headers */ = {isa = PBXBuildFile; fileRef = 2CCC7B3E692AEC6F23365831E57B8B69 /* GoogleMapsBase.h */; settings = {ATTRIBUTES = (Public, ); }; };
		5366EEBB8061138060BE8BA197418F9C /* Foundation.framework in Frameworks */ = {isa = PBXBuildFile; fileRef = 87E90B6E8C5790CAED95D8172D1A9BBB /* Foundation.framework */; };
		53F314F96DE2566C28149C29C070FC09 /* GMSGroundOverlay.h in Headers */ = {isa = PBXBuildFile; fileRef = B3C9AB6A1B78FD3B92551DD21E502464 /* GMSGroundOverlay.h */; settings = {ATTRIBUTES = (Public, ); }; };
		54C8DF6C415047CB49A01FE6A8D8F884 /* CoreTelephony.framework in Frameworks */ = {isa = PBXBuildFile; fileRef = E33C1666AE2B410B7A0027B67B9139BE /* CoreTelephony.framework */; };
		5653DFDBB131B4618B6D6BD8430A907D /* GMSGeocoder.h in Headers */ = {isa = PBXBuildFile; fileRef = 26583D0D66BC047D08666083EC9F49FF /* GMSGeocoder.h */; settings = {ATTRIBUTES = (Public, ); }; };
		577B5FA1528E875DCC3DA2E63ABED45F /* GMSMapStyle.h in Headers */ = {isa = PBXBuildFile; fileRef = 717125A4482692C8CD8336CBFEE60835 /* GMSMapStyle.h */; settings = {ATTRIBUTES = (Public, ); }; };
		5CCAE67169DF1D6E1796311266C9081E /* CoreText.framework in Frameworks */ = {isa = PBXBuildFile; fileRef = 2B07D81F52F16F84D048BE48C11BCECA /* CoreText.framework */; };
		5D283064B4CADCAB3318D44C3F75B394 /* GMSPanoramaCameraUpdate.h in Headers */ = {isa = PBXBuildFile; fileRef = CC9C1B49F5D259BF25E2AAF7B6BBBCD7 /* GMSPanoramaCameraUpdate.h */; settings = {ATTRIBUTES = (Public, ); }; };
		61CF7969320CD5CBA795C9BE0B2A2DF0 /* GMSPanoramaCamera.h in Headers */ = {isa = PBXBuildFile; fileRef = E3616E087F2D549210D9536B9EAF3DFF /* GMSPanoramaCamera.h */; settings = {ATTRIBUTES = (Public, ); }; };
		6209FBD131FBF79C666DB1F45DE20BF4 /* GMSPanoramaSource.h in Headers */ = {isa = PBXBuildFile; fileRef = 8CF62E338A6665997CEF86FBC8BAF53A /* GMSPanoramaSource.h */; settings = {ATTRIBUTES = (Public, ); }; };
		636A418BA44AB4FCB98830DDABB22208 /* GMSMarker.h in Headers */ = {isa = PBXBuildFile; fileRef = C9DBF284990A8266905E6502C3BAF74F /* GMSMarker.h */; settings = {ATTRIBUTES = (Public, ); }; };
		657C223896B02B6A2FC527CF6B665BCE /* GMSPath.h in Headers */ = {isa = PBXBuildFile; fileRef = D0C4A76D9A70592B39205400E2BBC46B /* GMSPath.h */; settings = {ATTRIBUTES = (Public, ); }; };
		65B002542751372CC42EED7D0790D49D /* GoogleMaps.bundle in Resources */ = {isa = PBXBuildFile; fileRef = 436137C8ED1E2E1CDAFFEAAE111558EA /* GoogleMaps.bundle */; };
		68022A39455460D2CC3DFF88A30B11CD /* UIKit.framework in Frameworks */ = {isa = PBXBuildFile; fileRef = B4B9AF62E49241DD8104828F0C427981 /* UIKit.framework */; };
		685817A90DC7D9BFD2E395CCEE668A87 /* GoogleMapsM4B.framework in Frameworks */ = {isa = PBXBuildFile; fileRef = 705777AF243CF9FDF0E773280CBD11B0 /* GoogleMapsM4B.framework */; };
		6D90F1E756C4B8DD87A37A15DF028759 /* CoreText.framework in Frameworks */ = {isa = PBXBuildFile; fileRef = 2B07D81F52F16F84D048BE48C11BCECA /* CoreText.framework */; };
		6F89565E118BAC93124B8F4BC1B1D53E /* GMSOrientation.h in Headers */ = {isa = PBXBuildFile; fileRef = 9D54EC6EFA332F7AC8ACD67D45C4275C /* GMSOrientation.h */; settings = {ATTRIBUTES = (Public, ); }; };
		6FAB0CC6FA023AA2996871A1D3682D9F /* GMSPanoramaLink.h in Headers */ = {isa = PBXBuildFile; fileRef = 74928B4F5EF8788CD41FE489765EE8C8 /* GMSPanoramaLink.h */; settings = {ATTRIBUTES = (Public, ); }; };
		738209ED5E4B29BBCF8BF87C679CA2CB /* GMSMarkerLayer.h in Headers */ = {isa = PBXBuildFile; fileRef = 84E7A3E5AEC117B85659C142524F9B89 /* GMSMarkerLayer.h */; settings = {ATTRIBUTES = (Public, ); }; };
		785EAB68B8D8616FEFE4D238F8BAE7D6 /* OpenGLES.framework in Frameworks */ = {isa = PBXBuildFile; fileRef = 8CC4D7F4B96DFCFFF6A4E7128C6DE988 /* OpenGLES.framework */; };
		7A8BFA7804610C45A137AAD4EB534713 /* SystemConfiguration.framework in Frameworks */ = {isa = PBXBuildFile; fileRef = 39197A876D7B2407FEC8D2824AA8ADCC /* SystemConfiguration.framework */; };
		7E087C627C9A2CF18E1EEAFB3781CBF7 /* CoreData.framework in Frameworks */ = {isa = PBXBuildFile; fileRef = 8B14C240D7D35BC8ACCEE00143796AAC /* CoreData.framework */; };
		8061124BBED145D0848B51948FB1F256 /* GMSCALayer.h in Headers */ = {isa = PBXBuildFile; fileRef = 4CFB97221DF23455E8D3754C2DD72F5E /* GMSCALayer.h */; settings = {ATTRIBUTES = (Public, ); }; };
		823050C5D248AB78277EE88CEA45432E /* UIKit.framework in Frameworks */ = {isa = PBXBuildFile; fileRef = B4B9AF62E49241DD8104828F0C427981 /* UIKit.framework */; };
		8289A6D0EC21D795358DC310B9F56223 /* GMSTileLayer.h in Headers */ = {isa = PBXBuildFile; fileRef = 8D9B1DE695C057A98B4C8FF13B0262B9 /* GMSTileLayer.h */; settings = {ATTRIBUTES = (Public, ); }; };
		88B11CC1D3B295C36EF7235D7427B8BC /* GMSIndoorBuilding.h in Headers */ = {isa = PBXBuildFile; fileRef = A4876476DFB392EEC4B6D4A43E574161 /* GMSIndoorBuilding.h */; settings = {ATTRIBUTES = (Public, ); }; };
		88C673A721DA73FA840248653DB6F1D7 /* QuartzCore.framework in Frameworks */ = {isa = PBXBuildFile; fileRef = 1065D31F0CCCB446FF787700FE4E2A8C /* QuartzCore.framework */; };
		8A3E62A3A7C57FA2EC15C67697A00680 /* GMSCALayer.h in Headers */ = {isa = PBXBuildFile; fileRef = 4CFB97221DF23455E8D3754C2DD72F5E /* GMSCALayer.h */; settings = {ATTRIBUTES = (Public, ); }; };
		8A7CAB756B36EBA9890384DBE1542B08 /* GMSOverlay.h in Headers */ = {isa = PBXBuildFile; fileRef = 91CD06144BC59BD639758EB1A014BBAB /* GMSOverlay.h */; settings = {ATTRIBUTES = (Public, ); }; };
		8BAF9EDCDE5915E64A4895FBF3A1EF82 /* GMSIndoorDisplay.h in Headers */ = {isa = PBXBuildFile; fileRef = 92217EACC853FC6B76F97A457C8B1AD9 /* GMSIndoorDisplay.h */; settings = {ATTRIBUTES = (Public, ); }; };
		8C795FFEA372B28C5F774411CD045FF7 /* GMSMarkerLayer.h in Headers */ = {isa = PBXBuildFile; fileRef = 84E7A3E5AEC117B85659C142524F9B89 /* GMSMarkerLayer.h */; settings = {ATTRIBUTES = (Public, ); }; };
		8D3FA361F3A98E4637D8B28C50556AF0 /* GMSPanorama.h in Headers */ = {isa = PBXBuildFile; fileRef = F8241571F84F20AAFD1C422BE3CEB354 /* GMSPanorama.h */; settings = {ATTRIBUTES = (Public, ); }; };
		8E6276F87626DF16B0634F01F7F6BF39 /* CoreData.framework in Frameworks */ = {isa = PBXBuildFile; fileRef = 8B14C240D7D35BC8ACCEE00143796AAC /* CoreData.framework */; };
		8FF9EC4CE871F37C6FCB976363BB64BB /* GMSDeprecationMacros.h in Headers */ = {isa = PBXBuildFile; fileRef = 4A83B41CE029898EA025B39E9CBDB5AB /* GMSDeprecationMacros.h */; settings = {ATTRIBUTES = (Public, ); }; };
		9161B2069DBB3A5039D9C08B5A56D513 /* GMSGeocoder.h in Headers */ = {isa = PBXBuildFile; fileRef = 26583D0D66BC047D08666083EC9F49FF /* GMSGeocoder.h */; settings = {ATTRIBUTES = (Public, ); }; };
		92E3A18CFF6582101400162035D6D346 /* GMSAddress.h in Headers */ = {isa = PBXBuildFile; fileRef = 1FCC8CAA17ABF2593A34F8F09DDB2242 /* GMSAddress.h */; settings = {ATTRIBUTES = (Public, ); }; };
		93E08CBE71BC93768CF76C3BC4ABD22E /* Foundation.framework in Frameworks */ = {isa = PBXBuildFile; fileRef = 87E90B6E8C5790CAED95D8172D1A9BBB /* Foundation.framework */; };
		93E78163FEF488FC868B5402ECAF6823 /* GMSGroundOverlay.h in Headers */ = {isa = PBXBuildFile; fileRef = B3C9AB6A1B78FD3B92551DD21E502464 /* GMSGroundOverlay.h */; settings = {ATTRIBUTES = (Public, ); }; };
		9431DA343F2730FB559D2B22D3E7B143 /* CoreLocation.framework in Frameworks */ = {isa = PBXBuildFile; fileRef = 77D6342D920A3B1084A3346797412D0C /* CoreLocation.framework */; };
		95358AC9616B0EAF40D6285C360F82B3 /* GMSGeometryUtils.h in Headers */ = {isa = PBXBuildFile; fileRef = 648E73400C58C8C16C0B999CF83DB102 /* GMSGeometryUtils.h */; settings = {ATTRIBUTES = (Public, ); }; };
		95D36108819F43C8F3DB8F3550F25459 /* GMSSyncTileLayer.h in Headers */ = {isa = PBXBuildFile; fileRef = A88CF93C0B7AEB51599D0BEE890F621A /* GMSSyncTileLayer.h */; settings = {ATTRIBUTES = (Public, ); }; };
		961271400C91948D17F8249078D4DFED /* UIKit.framework in Frameworks */ = {isa = PBXBuildFile; fileRef = B4B9AF62E49241DD8104828F0C427981 /* UIKit.framework */; };
		9727C9BA059BDC847D3FC2D957BE7374 /* GMSPanoramaLayer.h in Headers */ = {isa = PBXBuildFile; fileRef = 3A41E576AC771543B9100B374B75F3FA /* GMSPanoramaLayer.h */; settings = {ATTRIBUTES = (Public, ); }; };
		978458CD8B8034E17D6A24CDACE0FDF1 /* GMSCameraPosition.h in Headers */ = {isa = PBXBuildFile; fileRef = A64A2153813C3F0A4445E6E978DE855E /* GMSCameraPosition.h */; settings = {ATTRIBUTES = (Public, ); }; };
		98353253C5C42EA1250FB4A7B672AF9E /* GMSIndoorLevel.h in Headers */ = {isa = PBXBuildFile; fileRef = FF66C54F132F634485EE0F5BB1EC015D /* GMSIndoorLevel.h */; settings = {ATTRIBUTES = (Public, ); }; };
		98525158E2E7ACFD7DA9ADDF089307C1 /* SystemConfiguration.framework in Frameworks */ = {isa = PBXBuildFile; fileRef = 39197A876D7B2407FEC8D2824AA8ADCC /* SystemConfiguration.framework */; };
		9880623202AB179B351EAA5A3CD07105 /* GMSOverlayLayer.h in Headers */ = {isa = PBXBuildFile; fileRef = 71D8BC2ED4112915CA5EE23E9E1760F6 /* GMSOverlayLayer.h */; settings = {ATTRIBUTES = (Public, ); }; };
		9C57ED1E56F40CD8A272DCC311DBCACD /* GMSCoordinateBounds+GoogleMaps.h in Headers */ = {isa = PBXBuildFile; fileRef = 9FB310DCC6CADE1A041BE7DF7DCD55C3 /* GMSCoordinateBounds+GoogleMaps.h */; settings = {ATTRIBUTES = (Public, ); }; };
		9E2CE4CD4575C60A91E0A01FE29450F3 /* QuartzCore.framework in Frameworks */ = {isa = PBXBuildFile; fileRef = 1065D31F0CCCB446FF787700FE4E2A8C /* QuartzCore.framework */; };
		A21E91C852145ACF7CDA6D31A532CE36 /* GMSMutablePath.h in Headers */ = {isa = PBXBuildFile; fileRef = 287381533F49C0D98596888CEC46D6A7 /* GMSMutablePath.h */; settings = {ATTRIBUTES = (Public, ); }; };
		A271A79F8F988C3E8C65985D082CECE4 /* GMSMapView.h in Headers */ = {isa = PBXBuildFile; fileRef = DD748D2FC576A6B82BA27D61598BEE2F /* GMSMapView.h */; settings = {ATTRIBUTES = (Public, ); }; };
		A2CF170C7FCADD19B62BE1F424295A2A /* GMSOverlay.h in Headers */ = {isa = PBXBuildFile; fileRef = 91CD06144BC59BD639758EB1A014BBAB /* GMSOverlay.h */; settings = {ATTRIBUTES = (Public, ); }; };
		A3E6729B497E316BB02BD745D7AB5B45 /* GoogleMapsBase.framework in Frameworks */ = {isa = PBXBuildFile; fileRef = 13734535056C88D92FE485FC04B8003C /* GoogleMapsBase.framework */; };
		A52719E04592B9A2EF93B6F813627709 /* CoreImage.framework in Frameworks */ = {isa = PBXBuildFile; fileRef = C644647570EE84601968430515B45E8F /* CoreImage.framework */; };
		A98B602AF232F5A4E0985C27C42FD711 /* GMSPanoramaSource.h in Headers */ = {isa = PBXBuildFile; fileRef = 8CF62E338A6665997CEF86FBC8BAF53A /* GMSPanoramaSource.h */; settings = {ATTRIBUTES = (Public, ); }; };
		AA72CA6054148EE0B3DFFE676E3D2458 /* GMSPanorama.h in Headers */ = {isa = PBXBuildFile; fileRef = F8241571F84F20AAFD1C422BE3CEB354 /* GMSPanorama.h */; settings = {ATTRIBUTES = (Public, ); }; };
		AAFC353A2077A30B71C192E133E95676 /* GMSProjection.h in Headers */ = {isa = PBXBuildFile; fileRef = E7B82865EA26F1A892ABCE1BEABAE807 /* GMSProjection.h */; settings = {ATTRIBUTES = (Public, ); }; };
		AB40D1D8A1A2C84FA35ECF54DB4A5059 /* GMSPolyline.h in Headers */ = {isa = PBXBuildFile; fileRef = BEB07D56480D314A1A47F3B4BFDDE46F /* GMSPolyline.h */; settings = {ATTRIBUTES = (Public, ); }; };
		AD6F6AA4C6F53FF281B7919779B3843D /* GMSUISettings.h in Headers */ = {isa = PBXBuildFile; fileRef = 442E4508EFDE38C8F949558B63781EA7 /* GMSUISettings.h */; settings = {ATTRIBUTES = (Public, ); }; };
		AF874BB620BBB011F019C4F2B34110F6 /* GMSPanoramaLink.h in Headers */ = {isa = PBXBuildFile; fileRef = 74928B4F5EF8788CD41FE489765EE8C8 /* GMSPanoramaLink.h */; settings = {ATTRIBUTES = (Public, ); }; };
		AFADED8848DD1F498D6798DAF7DB2A1E /* GMSPolyline.h in Headers */ = {isa = PBXBuildFile; fileRef = BEB07D56480D314A1A47F3B4BFDDE46F /* GMSPolyline.h */; settings = {ATTRIBUTES = (Public, ); }; };
		B09003087EBE22E2638A673A2B6E11E0 /* GoogleMapsCore.framework in Frameworks */ = {isa = PBXBuildFile; fileRef = C5AF5B512C00465C190DBC6D17527A0B /* GoogleMapsCore.framework */; };
		B4297DA1D29A4593E841820A1045006D /* GMSCircle.h in Headers */ = {isa = PBXBuildFile; fileRef = 9B4D859C3B43A7191CE023B1552B921C /* GMSCircle.h */; settings = {ATTRIBUTES = (Public, ); }; };
		B5369E4F3986AE58EA906BF7E1BCD1DE /* QuartzCore.framework in Frameworks */ = {isa = PBXBuildFile; fileRef = 1065D31F0CCCB446FF787700FE4E2A8C /* QuartzCore.framework */; };
		B5E0ED093F1A9FBE08C6EFE3EF7DA0BD /* CoreLocation.framework in Frameworks */ = {isa = PBXBuildFile; fileRef = 77D6342D920A3B1084A3346797412D0C /* CoreLocation.framework */; };
		B6F86D252740AE10CC8B867D1A4EEA6D /* CoreGraphics.framework in Frameworks */ = {isa = PBXBuildFile; fileRef = EAB2DFE038166ED69C6D365FBC3312E1 /* CoreGraphics.framework */; };
		B701F50D1C4D639BDA8C5C685AE02835 /* Security.framework in Frameworks */ = {isa = PBXBuildFile; fileRef = 53699B1356FB8249CDD384E09ACE0306 /* Security.framework */; };
		B7AE0E7E0D6C39C3395E29D714BE7781 /* GMSMutablePath.h in Headers */ = {isa = PBXBuildFile; fileRef = 287381533F49C0D98596888CEC46D6A7 /* GMSMutablePath.h */; settings = {ATTRIBUTES = (Public, ); }; };
		B9E8996EB1E8BA6F69870BDA526EAE90 /* GMSURLTileLayer.h in Headers */ = {isa = PBXBuildFile; fileRef = 34C1D29576187D039EA65892D0BFDE9D /* GMSURLTileLayer.h */; settings = {ATTRIBUTES = (Public, ); }; };
		BBE077107EB295C0DCCE063578F8064D /* GLKit.framework in Frameworks */ = {isa = PBXBuildFile; fileRef = 29598A5157792096598B5952BC3F568B /* GLKit.framework */; };
		C1F597F45D3A39D712CE3DC11ECB3CB5 /* GoogleMaps.h in Headers */ = {isa = PBXBuildFile; fileRef = F365E325088DC6A990009AEB2D4CB3F4 /* GoogleMaps.h */; settings = {ATTRIBUTES = (Public, ); }; };
		C7DD0841D926E223882A59ACB6F0CBA8 /* GMSMarker.h in Headers */ = {isa = PBXBuildFile; fileRef = C9DBF284990A8266905E6502C3BAF74F /* GMSMarker.h */; settings = {ATTRIBUTES = (Public, ); }; };
		C8DD87CAACB8F0F9F9A062D8764657FB /* GMSPolygon.h in Headers */ = {isa = PBXBuildFile; fileRef = 9EA57953152BBBF9F0FD435938A47980 /* GMSPolygon.h */; settings = {ATTRIBUTES = (Public, ); }; };
		CA2BA308E00DC2A624E1D6B319F5E118 /* GMSTileLayer.h in Headers */ = {isa = PBXBuildFile; fileRef = 8D9B1DE695C057A98B4C8FF13B0262B9 /* GMSTileLayer.h */; settings = {ATTRIBUTES = (Public, ); }; };
		CE2221AB4991802B3FE4712A9CA08C7A /* libc++.tbd in Frameworks */ = {isa = PBXBuildFile; fileRef = 6DE74BB2E2B103EF5D3CE9F31F8B5CC2 /* libc++.tbd */; };
		D3F472A1B11B0F587D6AE9982513854F /* GMSMapView.h in Headers */ = {isa = PBXBuildFile; fileRef = DD748D2FC576A6B82BA27D61598BEE2F /* GMSMapView.h */; settings = {ATTRIBUTES = (Public, ); }; };
		D461AE27245874D1980B7BA4DB831C08 /* GoogleMaps.bundle in Resources */ = {isa = PBXBuildFile; fileRef = 436137C8ED1E2E1CDAFFEAAE111558EA /* GoogleMaps.bundle */; };
		DC7D872AC50C3DAAAA19741B42522696 /* CoreGraphics.framework in Frameworks */ = {isa = PBXBuildFile; fileRef = EAB2DFE038166ED69C6D365FBC3312E1 /* CoreGraphics.framework */; };
		DC9991C34DC49CC86ECF6CF7A9AF5632 /* GMSIndoorBuilding.h in Headers */ = {isa = PBXBuildFile; fileRef = A4876476DFB392EEC4B6D4A43E574161 /* GMSIndoorBuilding.h */; settings = {ATTRIBUTES = (Public, ); }; };
		E00E850C9CEFF9B41490FE639D99B20F /* GMSCompatabilityMacros.h in Headers */ = {isa = PBXBuildFile; fileRef = EB6D87DCB66B363D6C57E1EBF4AB2DFE /* GMSCompatabilityMacros.h */; settings = {ATTRIBUTES = (Public, ); }; };
		E26AA0CF53D2DB4F0010EFF4CFE3B399 /* GMSIndoorLevel.h in Headers */ = {isa = PBXBuildFile; fileRef = FF66C54F132F634485EE0F5BB1EC015D /* GMSIndoorLevel.h */; settings = {ATTRIBUTES = (Public, ); }; };
		E3AFCE80C33E5DE417F949223B2DB928 /* GMSSyncTileLayer.h in Headers */ = {isa = PBXBuildFile; fileRef = A88CF93C0B7AEB51599D0BEE890F621A /* GMSSyncTileLayer.h */; settings = {ATTRIBUTES = (Public, ); }; };
		E44AD58733B5BA6CBCD5B26E05959D33 /* GMSPolygon.h in Headers */ = {isa = PBXBuildFile; fileRef = 9EA57953152BBBF9F0FD435938A47980 /* GMSPolygon.h */; settings = {ATTRIBUTES = (Public, ); }; };
		E5D14B29AD94D33BEC20FD13123EC4A7 /* GoogleMaps.framework in Frameworks */ = {isa = PBXBuildFile; fileRef = 342CAC95D3B4ADE08BDF3DBE3EB74B29 /* GoogleMaps.framework */; };
		E6D91A79ED8ABC55D15ADE3245B979BE /* GMSPath.h in Headers */ = {isa = PBXBuildFile; fileRef = D0C4A76D9A70592B39205400E2BBC46B /* GMSPath.h */; settings = {ATTRIBUTES = (Public, ); }; };
		EC54C9C87117C8009A2871D7D7037333 /* GMSGeometryUtils.h in Headers */ = {isa = PBXBuildFile; fileRef = 648E73400C58C8C16C0B999CF83DB102 /* GMSGeometryUtils.h */; settings = {ATTRIBUTES = (Public, ); }; };
		F04E714B8082485F817CBD82F6EB51D8 /* Foundation.framework in Frameworks */ = {isa = PBXBuildFile; fileRef = 87E90B6E8C5790CAED95D8172D1A9BBB /* Foundation.framework */; };
		F0E87DD238D230DE9FA6E7B563980FF1 /* GMSPanoramaCamera.h in Headers */ = {isa = PBXBuildFile; fileRef = E3616E087F2D549210D9536B9EAF3DFF /* GMSPanoramaCamera.h */; settings = {ATTRIBUTES = (Public, ); }; };
		F92CE9CE5D027C455E012D87A0D3244C /* GMSIndoorDisplay.h in Headers */ = {isa = PBXBuildFile; fileRef = 92217EACC853FC6B76F97A457C8B1AD9 /* GMSIndoorDisplay.h */; settings = {ATTRIBUTES = (Public, ); }; };
		FB14524315C2EB74CF4A00D817BAB330 /* Accelerate.framework in Frameworks */ = {isa = PBXBuildFile; fileRef = 53F9F2F31CD2A387432CC949FE015AF9 /* Accelerate.framework */; };
		FC00473A385471B7C47768235E0F552E /* GMSOverlayLayer.h in Headers */ = {isa = PBXBuildFile; fileRef = 71D8BC2ED4112915CA5EE23E9E1760F6 /* GMSOverlayLayer.h */; settings = {ATTRIBUTES = (Public, ); }; };
		FCDF472181F4839391BCC2F72C65EDCE /* libz.tbd in Frameworks */ = {isa = PBXBuildFile; fileRef = 658B524FEBA56F3208604DA42A4EBAFD /* libz.tbd */; };
		FE62130F3CBEBFC478DE0675D907C6F3 /* SystemConfiguration.framework in Frameworks */ = {isa = PBXBuildFile; fileRef = 39197A876D7B2407FEC8D2824AA8ADCC /* SystemConfiguration.framework */; };
		FE6ABFDD4F94768C0EBCC0068C8FA51E /* CoreData.framework in Frameworks */ = {isa = PBXBuildFile; fileRef = 8B14C240D7D35BC8ACCEE00143796AAC /* CoreData.framework */; };
		FF6EA6C103537D634F69406CD5BFD4E8 /* GMSPanoramaLayer.h in Headers */ = {isa = PBXBuildFile; fileRef = 3A41E576AC771543B9100B374B75F3FA /* GMSPanoramaLayer.h */; settings = {ATTRIBUTES = (Public, ); }; };
		FFB14A110E81E8E953FB2F4839875DC9 /* GMSPanoramaService.h in Headers */ = {isa = PBXBuildFile; fileRef = F54EFE788A47B06B0537F1F209475452 /* GMSPanoramaService.h */; settings = {ATTRIBUTES = (Public, ); }; };
/* End PBXBuildFile section */

/* Begin PBXContainerItemProxy section */
		60C4F8C9ABFAD951D09BBFD9F17BB404 /* PBXContainerItemProxy */ = {
			isa = PBXContainerItemProxy;
			containerPortal = 33CA58F2CE4962E061D4E27710125FB1 /* Project object */;
			proxyType = 1;
			remoteGlobalIDString = 88FD20C50EB2A7DFDAF7EDA649C62618;
			remoteInfo = GoogleMapsBase;
		};
		C36DDA148368D00AC14FAE90DB926690 /* PBXContainerItemProxy */ = {
			isa = PBXContainerItemProxy;
			containerPortal = 33CA58F2CE4962E061D4E27710125FB1 /* Project object */;
			proxyType = 1;
			remoteGlobalIDString = 821D5535AC8EAF04D623732DC309B9E4;
			remoteInfo = GoogleMaps;
		};
		E72C8F265BD4E7E9B4E5F86B2A92AC0D /* PBXContainerItemProxy */ = {
			isa = PBXContainerItemProxy;
			containerPortal = 33CA58F2CE4962E061D4E27710125FB1 /* Project object */;
			proxyType = 1;
			remoteGlobalIDString = 88FD20C50EB2A7DFDAF7EDA649C62618;
			remoteInfo = GoogleMapsBase;
		};
/* End PBXContainerItemProxy section */

/* Begin PBXFileReference section */
		02FF9AA59576AE2C109F5A66D11B9395 /* GMSPolygonLayer.h */ = {isa = PBXFileReference; lastKnownFileType = sourcecode.c.h; path = GMSPolygonLayer.h; sourceTree = "<group>"; };
		1065D31F0CCCB446FF787700FE4E2A8C /* QuartzCore.framework */ = {isa = PBXFileReference; lastKnownFileType = wrapper.framework; name = QuartzCore.framework; path = System/Library/Frameworks/QuartzCore.framework; sourceTree = SDKROOT; };
		13734535056C88D92FE485FC04B8003C /* GoogleMapsBase.framework */ = {isa = PBXFileReference; lastKnownFileType = wrapper.framework; name = GoogleMapsBase.framework; path = Base/Frameworks/GoogleMapsBase.framework; sourceTree = "<group>"; };
		1FCC8CAA17ABF2593A34F8F09DDB2242 /* GMSAddress.h */ = {isa = PBXFileReference; lastKnownFileType = sourcecode.c.h; path = GMSAddress.h; sourceTree = "<group>"; };
		26583D0D66BC047D08666083EC9F49FF /* GMSGeocoder.h */ = {isa = PBXFileReference; lastKnownFileType = sourcecode.c.h; path = GMSGeocoder.h; sourceTree = "<group>"; };
		287381533F49C0D98596888CEC46D6A7 /* GMSMutablePath.h */ = {isa = PBXFileReference; lastKnownFileType = sourcecode.c.h; path = GMSMutablePath.h; sourceTree = "<group>"; };
		29598A5157792096598B5952BC3F568B /* GLKit.framework */ = {isa = PBXFileReference; lastKnownFileType = wrapper.framework; name = GLKit.framework; path = System/Library/Frameworks/GLKit.framework; sourceTree = SDKROOT; };
		2B07D81F52F16F84D048BE48C11BCECA /* CoreText.framework */ = {isa = PBXFileReference; lastKnownFileType = wrapper.framework; name = CoreText.framework; path = System/Library/Frameworks/CoreText.framework; sourceTree = SDKROOT; };
		2CCC7B3E692AEC6F23365831E57B8B69 /* GoogleMapsBase.h */ = {isa = PBXFileReference; lastKnownFileType = sourcecode.c.h; path = GoogleMapsBase.h; sourceTree = "<group>"; };
		3150E92FABC72B94436E8A55C8FBBF9E /* GoogleMapsBase.framework */ = {isa = PBXFileReference; explicitFileType = wrapper.framework; includeInIndex = 0; path = GoogleMapsBase.framework; sourceTree = BUILT_PRODUCTS_DIR; };
		342CAC95D3B4ADE08BDF3DBE3EB74B29 /* GoogleMaps.framework */ = {isa = PBXFileReference; lastKnownFileType = wrapper.framework; name = GoogleMaps.framework; path = Maps/Frameworks/GoogleMaps.framework; sourceTree = "<group>"; };
		34C1D29576187D039EA65892D0BFDE9D /* GMSURLTileLayer.h */ = {isa = PBXFileReference; lastKnownFileType = sourcecode.c.h; path = GMSURLTileLayer.h; sourceTree = "<group>"; };
		39197A876D7B2407FEC8D2824AA8ADCC /* SystemConfiguration.framework */ = {isa = PBXFileReference; lastKnownFileType = wrapper.framework; name = SystemConfiguration.framework; path = System/Library/Frameworks/SystemConfiguration.framework; sourceTree = SDKROOT; };
		3A41E576AC771543B9100B374B75F3FA /* GMSPanoramaLayer.h */ = {isa = PBXFileReference; lastKnownFileType = sourcecode.c.h; path = GMSPanoramaLayer.h; sourceTree = "<group>"; };
		40A1DC33AD051226EA19FE5172E9BADC /* GoogleMapsM4B.framework */ = {isa = PBXFileReference; explicitFileType = wrapper.framework; includeInIndex = 0; path = GoogleMapsM4B.framework; sourceTree = BUILT_PRODUCTS_DIR; };
		436137C8ED1E2E1CDAFFEAAE111558EA /* GoogleMaps.bundle */ = {isa = PBXFileReference; lastKnownFileType = "wrapper.plug-in"; path = GoogleMaps.bundle; sourceTree = "<group>"; };
		442E4508EFDE38C8F949558B63781EA7 /* GMSUISettings.h */ = {isa = PBXFileReference; lastKnownFileType = sourcecode.c.h; path = GMSUISettings.h; sourceTree = "<group>"; };
		4A83B41CE029898EA025B39E9CBDB5AB /* GMSDeprecationMacros.h */ = {isa = PBXFileReference; lastKnownFileType = sourcecode.c.h; path = GMSDeprecationMacros.h; sourceTree = "<group>"; };
		4CFB97221DF23455E8D3754C2DD72F5E /* GMSCALayer.h */ = {isa = PBXFileReference; lastKnownFileType = sourcecode.c.h; path = GMSCALayer.h; sourceTree = "<group>"; };
		53699B1356FB8249CDD384E09ACE0306 /* Security.framework */ = {isa = PBXFileReference; lastKnownFileType = wrapper.framework; name = Security.framework; path = System/Library/Frameworks/Security.framework; sourceTree = SDKROOT; };
		53F9F2F31CD2A387432CC949FE015AF9 /* Accelerate.framework */ = {isa = PBXFileReference; lastKnownFileType = wrapper.framework; name = Accelerate.framework; path = System/Library/Frameworks/Accelerate.framework; sourceTree = SDKROOT; };
		5C92B54F48252C982E32A4CF12DA4183 /* GMSCameraUpdate.h */ = {isa = PBXFileReference; lastKnownFileType = sourcecode.c.h; path = GMSCameraUpdate.h; sourceTree = "<group>"; };
		5DB96932808DB87A59B25AA5522B64FD /* GMSMapView+Animation.h */ = {isa = PBXFileReference; lastKnownFileType = sourcecode.c.h; path = "GMSMapView+Animation.h"; sourceTree = "<group>"; };
		648E73400C58C8C16C0B999CF83DB102 /* GMSGeometryUtils.h */ = {isa = PBXFileReference; lastKnownFileType = sourcecode.c.h; path = GMSGeometryUtils.h; sourceTree = "<group>"; };
		658B524FEBA56F3208604DA42A4EBAFD /* libz.tbd */ = {isa = PBXFileReference; name = libz.tbd; path = usr/lib/libz.tbd; sourceTree = SDKROOT; };
		6DE74BB2E2B103EF5D3CE9F31F8B5CC2 /* libc++.tbd */ = {isa = PBXFileReference; name = "libc++.tbd"; path = "usr/lib/libc++.tbd"; sourceTree = SDKROOT; };
		705777AF243CF9FDF0E773280CBD11B0 /* GoogleMapsM4B.framework */ = {isa = PBXFileReference; lastKnownFileType = wrapper.framework; name = GoogleMapsM4B.framework; path = M4B/Frameworks/GoogleMapsM4B.framework; sourceTree = "<group>"; };
		717125A4482692C8CD8336CBFEE60835 /* GMSMapStyle.h */ = {isa = PBXFileReference; lastKnownFileType = sourcecode.c.h; path = GMSMapStyle.h; sourceTree = "<group>"; };
		71D8BC2ED4112915CA5EE23E9E1760F6 /* GMSOverlayLayer.h */ = {isa = PBXFileReference; lastKnownFileType = sourcecode.c.h; path = GMSOverlayLayer.h; sourceTree = "<group>"; };
		74928B4F5EF8788CD41FE489765EE8C8 /* GMSPanoramaLink.h */ = {isa = PBXFileReference; lastKnownFileType = sourcecode.c.h; path = GMSPanoramaLink.h; sourceTree = "<group>"; };
		77D6342D920A3B1084A3346797412D0C /* CoreLocation.framework */ = {isa = PBXFileReference; lastKnownFileType = wrapper.framework; name = CoreLocation.framework; path = System/Library/Frameworks/CoreLocation.framework; sourceTree = SDKROOT; };
		84E7A3E5AEC117B85659C142524F9B89 /* GMSMarkerLayer.h */ = {isa = PBXFileReference; lastKnownFileType = sourcecode.c.h; path = GMSMarkerLayer.h; sourceTree = "<group>"; };
		85FF020F8EC34D6167173A600A86C026 /* GMSPanoramaView.h */ = {isa = PBXFileReference; lastKnownFileType = sourcecode.c.h; path = GMSPanoramaView.h; sourceTree = "<group>"; };
		87E90B6E8C5790CAED95D8172D1A9BBB /* Foundation.framework */ = {isa = PBXFileReference; lastKnownFileType = wrapper.framework; name = Foundation.framework; path = System/Library/Frameworks/Foundation.framework; sourceTree = SDKROOT; };
		8B14C240D7D35BC8ACCEE00143796AAC /* CoreData.framework */ = {isa = PBXFileReference; lastKnownFileType = wrapper.framework; name = CoreData.framework; path = System/Library/Frameworks/CoreData.framework; sourceTree = SDKROOT; };
		8CC4D7F4B96DFCFFF6A4E7128C6DE988 /* OpenGLES.framework */ = {isa = PBXFileReference; lastKnownFileType = wrapper.framework; name = OpenGLES.framework; path = System/Library/Frameworks/OpenGLES.framework; sourceTree = SDKROOT; };
		8CF62E338A6665997CEF86FBC8BAF53A /* GMSPanoramaSource.h */ = {isa = PBXFileReference; lastKnownFileType = sourcecode.c.h; path = GMSPanoramaSource.h; sourceTree = "<group>"; };
		8D9B1DE695C057A98B4C8FF13B0262B9 /* GMSTileLayer.h */ = {isa = PBXFileReference; lastKnownFileType = sourcecode.c.h; path = GMSTileLayer.h; sourceTree = "<group>"; };
		91CD06144BC59BD639758EB1A014BBAB /* GMSOverlay.h */ = {isa = PBXFileReference; lastKnownFileType = sourcecode.c.h; path = GMSOverlay.h; sourceTree = "<group>"; };
		92217EACC853FC6B76F97A457C8B1AD9 /* GMSIndoorDisplay.h */ = {isa = PBXFileReference; lastKnownFileType = sourcecode.c.h; path = GMSIndoorDisplay.h; sourceTree = "<group>"; };
		936BB3BD802D874C3282CC74E87E9564 /* GoogleMaps.framework */ = {isa = PBXFileReference; explicitFileType = wrapper.framework; includeInIndex = 0; path = GoogleMaps.framework; sourceTree = BUILT_PRODUCTS_DIR; };
		9B4D859C3B43A7191CE023B1552B921C /* GMSCircle.h */ = {isa = PBXFileReference; lastKnownFileType = sourcecode.c.h; path = GMSCircle.h; sourceTree = "<group>"; };
		9D54EC6EFA332F7AC8ACD67D45C4275C /* GMSOrientation.h */ = {isa = PBXFileReference; lastKnownFileType = sourcecode.c.h; path = GMSOrientation.h; sourceTree = "<group>"; };
		9EA57953152BBBF9F0FD435938A47980 /* GMSPolygon.h */ = {isa = PBXFileReference; lastKnownFileType = sourcecode.c.h; path = GMSPolygon.h; sourceTree = "<group>"; };
		9FB310DCC6CADE1A041BE7DF7DCD55C3 /* GMSCoordinateBounds+GoogleMaps.h */ = {isa = PBXFileReference; lastKnownFileType = sourcecode.c.h; path = "GMSCoordinateBounds+GoogleMaps.h"; sourceTree = "<group>"; };
		A4876476DFB392EEC4B6D4A43E574161 /* GMSIndoorBuilding.h */ = {isa = PBXFileReference; lastKnownFileType = sourcecode.c.h; path = GMSIndoorBuilding.h; sourceTree = "<group>"; };
		A64A2153813C3F0A4445E6E978DE855E /* GMSCameraPosition.h */ = {isa = PBXFileReference; lastKnownFileType = sourcecode.c.h; path = GMSCameraPosition.h; sourceTree = "<group>"; };
		A88CF93C0B7AEB51599D0BEE890F621A /* GMSSyncTileLayer.h */ = {isa = PBXFileReference; lastKnownFileType = sourcecode.c.h; path = GMSSyncTileLayer.h; sourceTree = "<group>"; };
		B3C9AB6A1B78FD3B92551DD21E502464 /* GMSGroundOverlay.h */ = {isa = PBXFileReference; lastKnownFileType = sourcecode.c.h; path = GMSGroundOverlay.h; sourceTree = "<group>"; };
		B4B9AF62E49241DD8104828F0C427981 /* UIKit.framework */ = {isa = PBXFileReference; lastKnownFileType = wrapper.framework; name = UIKit.framework; path = System/Library/Frameworks/UIKit.framework; sourceTree = SDKROOT; };
		BEB07D56480D314A1A47F3B4BFDDE46F /* GMSPolyline.h */ = {isa = PBXFileReference; lastKnownFileType = sourcecode.c.h; path = GMSPolyline.h; sourceTree = "<group>"; };
		C5AF5B512C00465C190DBC6D17527A0B /* GoogleMapsCore.framework */ = {isa = PBXFileReference; lastKnownFileType = wrapper.framework; name = GoogleMapsCore.framework; path = Maps/Frameworks/GoogleMapsCore.framework; sourceTree = "<group>"; };
		C644647570EE84601968430515B45E8F /* CoreImage.framework */ = {isa = PBXFileReference; lastKnownFileType = wrapper.framework; name = CoreImage.framework; path = System/Library/Frameworks/CoreImage.framework; sourceTree = SDKROOT; };
		C9DBF284990A8266905E6502C3BAF74F /* GMSMarker.h */ = {isa = PBXFileReference; lastKnownFileType = sourcecode.c.h; path = GMSMarker.h; sourceTree = "<group>"; };
		CC9C1B49F5D259BF25E2AAF7B6BBBCD7 /* GMSPanoramaCameraUpdate.h */ = {isa = PBXFileReference; lastKnownFileType = sourcecode.c.h; path = GMSPanoramaCameraUpdate.h; sourceTree = "<group>"; };
		D0C4A76D9A70592B39205400E2BBC46B /* GMSPath.h */ = {isa = PBXFileReference; lastKnownFileType = sourcecode.c.h; path = GMSPath.h; sourceTree = "<group>"; };
		D7EFE1F873F72C50BF602726FFBA4ADE /* GMSServices.h */ = {isa = PBXFileReference; lastKnownFileType = sourcecode.c.h; path = GMSServices.h; sourceTree = "<group>"; };
		DD748D2FC576A6B82BA27D61598BEE2F /* GMSMapView.h */ = {isa = PBXFileReference; lastKnownFileType = sourcecode.c.h; path = GMSMapView.h; sourceTree = "<group>"; };
		E33C1666AE2B410B7A0027B67B9139BE /* CoreTelephony.framework */ = {isa = PBXFileReference; lastKnownFileType = wrapper.framework; name = CoreTelephony.framework; path = System/Library/Frameworks/CoreTelephony.framework; sourceTree = SDKROOT; };
		E3616E087F2D549210D9536B9EAF3DFF /* GMSPanoramaCamera.h */ = {isa = PBXFileReference; lastKnownFileType = sourcecode.c.h; path = GMSPanoramaCamera.h; sourceTree = "<group>"; };
		E6B9E34FA9DF5CA675CADB7290F26737 /* ImageIO.framework */ = {isa = PBXFileReference; lastKnownFileType = wrapper.framework; name = ImageIO.framework; path = System/Library/Frameworks/ImageIO.framework; sourceTree = SDKROOT; };
		E7B82865EA26F1A892ABCE1BEABAE807 /* GMSProjection.h */ = {isa = PBXFileReference; lastKnownFileType = sourcecode.c.h; path = GMSProjection.h; sourceTree = "<group>"; };
		EAB2DFE038166ED69C6D365FBC3312E1 /* CoreGraphics.framework */ = {isa = PBXFileReference; lastKnownFileType = wrapper.framework; name = CoreGraphics.framework; path = System/Library/Frameworks/CoreGraphics.framework; sourceTree = SDKROOT; };
		EB6D87DCB66B363D6C57E1EBF4AB2DFE /* GMSCompatabilityMacros.h */ = {isa = PBXFileReference; lastKnownFileType = sourcecode.c.h; path = GMSCompatabilityMacros.h; sourceTree = "<group>"; };
		ED2682DC6F1159EC6B30794C01EF9C15 /* GMSCoordinateBounds.h */ = {isa = PBXFileReference; lastKnownFileType = sourcecode.c.h; path = GMSCoordinateBounds.h; sourceTree = "<group>"; };
		EE97E40B76C8894A27CC4D770A8D7F70 /* GMSMapLayer.h */ = {isa = PBXFileReference; lastKnownFileType = sourcecode.c.h; path = GMSMapLayer.h; sourceTree = "<group>"; };
		F365E325088DC6A990009AEB2D4CB3F4 /* GoogleMaps.h */ = {isa = PBXFileReference; lastKnownFileType = sourcecode.c.h; path = GoogleMaps.h; sourceTree = "<group>"; };
		F54EFE788A47B06B0537F1F209475452 /* GMSPanoramaService.h */ = {isa = PBXFileReference; lastKnownFileType = sourcecode.c.h; path = GMSPanoramaService.h; sourceTree = "<group>"; };
		F8241571F84F20AAFD1C422BE3CEB354 /* GMSPanorama.h */ = {isa = PBXFileReference; lastKnownFileType = sourcecode.c.h; path = GMSPanorama.h; sourceTree = "<group>"; };
		FF66C54F132F634485EE0F5BB1EC015D /* GMSIndoorLevel.h */ = {isa = PBXFileReference; lastKnownFileType = sourcecode.c.h; path = GMSIndoorLevel.h; sourceTree = "<group>"; };
/* End PBXFileReference section */

/* Begin PBXFrameworksBuildPhase section */
		45AD9119E45E87220155085ED1E87920 /* Frameworks */ = {
			isa = PBXFrameworksBuildPhase;
			buildActionMask = 2147483647;
			files = (
				FE6ABFDD4F94768C0EBCC0068C8FA51E /* CoreData.framework in Frameworks */,
				48354CB7AEA1C057C6D799BE31BF7AAE /* CoreGraphics.framework in Frameworks */,
				4CF83827B3CC5E7995843248C6B4F8D5 /* CoreLocation.framework in Frameworks */,
				4769AFF03817147B6E9E94FCE168E34A /* CoreText.framework in Frameworks */,
				93E08CBE71BC93768CF76C3BC4ABD22E /* Foundation.framework in Frameworks */,
				B5369E4F3986AE58EA906BF7E1BCD1DE /* QuartzCore.framework in Frameworks */,
				FE62130F3CBEBFC478DE0675D907C6F3 /* SystemConfiguration.framework in Frameworks */,
				823050C5D248AB78277EE88CEA45432E /* UIKit.framework in Frameworks */,
				A3E6729B497E316BB02BD745D7AB5B45 /* GoogleMapsBase.framework in Frameworks */,
				2563DC09B3301EEC36FCC9EAB019C6FF /* libc++.tbd in Frameworks */,
				2AF691A05E68E61DDAA027A963110C74 /* libz.tbd in Frameworks */,
				B701F50D1C4D639BDA8C5C685AE02835 /* Security.framework in Frameworks */,
			);
			runOnlyForDeploymentPostprocessing = 0;
		};
		5660AC3CBA87AFBDF76C65DFC73AF0A7 /* Frameworks */ = {
			isa = PBXFrameworksBuildPhase;
			buildActionMask = 2147483647;
			files = (
				8E6276F87626DF16B0634F01F7F6BF39 /* CoreData.framework in Frameworks */,
				B6F86D252740AE10CC8B867D1A4EEA6D /* CoreGraphics.framework in Frameworks */,
				9431DA343F2730FB559D2B22D3E7B143 /* CoreLocation.framework in Frameworks */,
				6D90F1E756C4B8DD87A37A15DF028759 /* CoreText.framework in Frameworks */,
				5366EEBB8061138060BE8BA197418F9C /* Foundation.framework in Frameworks */,
				9E2CE4CD4575C60A91E0A01FE29450F3 /* QuartzCore.framework in Frameworks */,
				98525158E2E7ACFD7DA9ADDF089307C1 /* SystemConfiguration.framework in Frameworks */,
				961271400C91948D17F8249078D4DFED /* UIKit.framework in Frameworks */,
				234FEF7130498D619FEEBFAF06ED1F29 /* GoogleMapsBase.framework in Frameworks */,
				2754C52679B24304543E7A58923FF2FE /* GoogleMaps.framework in Frameworks */,
				685817A90DC7D9BFD2E395CCEE668A87 /* GoogleMapsM4B.framework in Frameworks */,
			);
			runOnlyForDeploymentPostprocessing = 0;
		};
		F948750ED8D3D09FCB7AF111068D6BBE /* Frameworks */ = {
			isa = PBXFrameworksBuildPhase;
			buildActionMask = 2147483647;
			files = (
				7E087C627C9A2CF18E1EEAFB3781CBF7 /* CoreData.framework in Frameworks */,
				DC7D872AC50C3DAAAA19741B42522696 /* CoreGraphics.framework in Frameworks */,
				B5E0ED093F1A9FBE08C6EFE3EF7DA0BD /* CoreLocation.framework in Frameworks */,
				5CCAE67169DF1D6E1796311266C9081E /* CoreText.framework in Frameworks */,
				F04E714B8082485F817CBD82F6EB51D8 /* Foundation.framework in Frameworks */,
				88C673A721DA73FA840248653DB6F1D7 /* QuartzCore.framework in Frameworks */,
				3B6C5D75E50B15CE5DC8A9C1FDC11A49 /* SystemConfiguration.framework in Frameworks */,
				68022A39455460D2CC3DFF88A30B11CD /* UIKit.framework in Frameworks */,
				235785368473E9929C45B853DC173ED6 /* GoogleMapsBase.framework in Frameworks */,
				B09003087EBE22E2638A673A2B6E11E0 /* GoogleMapsCore.framework in Frameworks */,
				E5D14B29AD94D33BEC20FD13123EC4A7 /* GoogleMaps.framework in Frameworks */,
				CE2221AB4991802B3FE4712A9CA08C7A /* libc++.tbd in Frameworks */,
				FCDF472181F4839391BCC2F72C65EDCE /* libz.tbd in Frameworks */,
				FB14524315C2EB74CF4A00D817BAB330 /* Accelerate.framework in Frameworks */,
				A52719E04592B9A2EF93B6F813627709 /* CoreImage.framework in Frameworks */,
				54C8DF6C415047CB49A01FE6A8D8F884 /* CoreTelephony.framework in Frameworks */,
				BBE077107EB295C0DCCE063578F8064D /* GLKit.framework in Frameworks */,
				141E3BDFBBB5AA6EDF357B4B9729DB46 /* ImageIO.framework in Frameworks */,
				785EAB68B8D8616FEFE4D238F8BAE7D6 /* OpenGLES.framework in Frameworks */,
				7A8BFA7804610C45A137AAD4EB534713 /* SystemConfiguration.framework in Frameworks */,
				1C502FC07F61849AA8A78933E5C7B678 /* UIKit.framework in Frameworks */,
			);
			runOnlyForDeploymentPostprocessing = 0;
		};
/* End PBXFrameworksBuildPhase section */

/* Begin PBXGroup section */
		013E02064FC9302F22E1CD454BECF3C3 /* Frameworks */ = {
			isa = PBXGroup;
			children = (
				7F157C769024E37C473BC957B3CDCAC8 /* GoogleMapsBase.framework */,
			);
			path = Frameworks;
			sourceTree = "<group>";
		};
		1AA8FBF38A17FEE8CFC1E73A794F214D = {
			isa = PBXGroup;
			children = (
				43DCC0AAC1035B3747D8ABA94D9A86C8 /* Base */,
				FE3EFC080854A5F89E04D51E25865B0C /* Maps */,
				9E026F461D4EB3FCB854753BC13839E9 /* Frameworks */,
				EF0B8003D72164AE891F9766AE401DC7 /* Products */,
			);
			sourceTree = "<group>";
		};
		43DCC0AAC1035B3747D8ABA94D9A86C8 /* Base */ = {
			isa = PBXGroup;
			children = (
				013E02064FC9302F22E1CD454BECF3C3 /* Frameworks */,
			);
			path = Base;
			sourceTree = "<group>";
		};
		47CDA50D74879F868398F0EDB94CEEAB /* GoogleMaps.framework */ = {
			isa = PBXGroup;
			children = (
				BE52A24BD301C58586C16C4D5A92E2E4 /* Headers */,
				70F626A669269BD61734D6130406E3AA /* Resources */,
			);
			path = GoogleMaps.framework;
			sourceTree = "<group>";
		};
		70F626A669269BD61734D6130406E3AA /* Resources */ = {
			isa = PBXGroup;
			children = (
				436137C8ED1E2E1CDAFFEAAE111558EA /* GoogleMaps.bundle */,
			);
			path = Resources;
			sourceTree = "<group>";
		};
		7F157C769024E37C473BC957B3CDCAC8 /* GoogleMapsBase.framework */ = {
			isa = PBXGroup;
			children = (
				A49DAE7B357696B23DF32E18CDAEE436 /* Headers */,
			);
			path = GoogleMapsBase.framework;
			sourceTree = "<group>";
		};
		9E026F461D4EB3FCB854753BC13839E9 /* Frameworks */ = {
			isa = PBXGroup;
			children = (
				53F9F2F31CD2A387432CC949FE015AF9 /* Accelerate.framework */,
				8B14C240D7D35BC8ACCEE00143796AAC /* CoreData.framework */,
				EAB2DFE038166ED69C6D365FBC3312E1 /* CoreGraphics.framework */,
				C644647570EE84601968430515B45E8F /* CoreImage.framework */,
				77D6342D920A3B1084A3346797412D0C /* CoreLocation.framework */,
				E33C1666AE2B410B7A0027B67B9139BE /* CoreTelephony.framework */,
				2B07D81F52F16F84D048BE48C11BCECA /* CoreText.framework */,
				87E90B6E8C5790CAED95D8172D1A9BBB /* Foundation.framework */,
				29598A5157792096598B5952BC3F568B /* GLKit.framework */,
				342CAC95D3B4ADE08BDF3DBE3EB74B29 /* GoogleMaps.framework */,
				13734535056C88D92FE485FC04B8003C /* GoogleMapsBase.framework */,
				C5AF5B512C00465C190DBC6D17527A0B /* GoogleMapsCore.framework */,
				705777AF243CF9FDF0E773280CBD11B0 /* GoogleMapsM4B.framework */,
				E6B9E34FA9DF5CA675CADB7290F26737 /* ImageIO.framework */,
				6DE74BB2E2B103EF5D3CE9F31F8B5CC2 /* libc++.tbd */,
				658B524FEBA56F3208604DA42A4EBAFD /* libz.tbd */,
				8CC4D7F4B96DFCFFF6A4E7128C6DE988 /* OpenGLES.framework */,
				1065D31F0CCCB446FF787700FE4E2A8C /* QuartzCore.framework */,
				53699B1356FB8249CDD384E09ACE0306 /* Security.framework */,
				39197A876D7B2407FEC8D2824AA8ADCC /* SystemConfiguration.framework */,
				B4B9AF62E49241DD8104828F0C427981 /* UIKit.framework */,
			);
			name = Frameworks;
			sourceTree = "<group>";
		};
		A27C83E476C476782985C5CF7908E635 /* Frameworks */ = {
			isa = PBXGroup;
			children = (
				47CDA50D74879F868398F0EDB94CEEAB /* GoogleMaps.framework */,
			);
			path = Frameworks;
			sourceTree = "<group>";
		};
		A49DAE7B357696B23DF32E18CDAEE436 /* Headers */ = {
			isa = PBXGroup;
			children = (
				EB6D87DCB66B363D6C57E1EBF4AB2DFE /* GMSCompatabilityMacros.h */,
				ED2682DC6F1159EC6B30794C01EF9C15 /* GMSCoordinateBounds.h */,
				4A83B41CE029898EA025B39E9CBDB5AB /* GMSDeprecationMacros.h */,
				2CCC7B3E692AEC6F23365831E57B8B69 /* GoogleMapsBase.h */,
			);
			path = Headers;
			sourceTree = "<group>";
		};
		BE52A24BD301C58586C16C4D5A92E2E4 /* Headers */ = {
			isa = PBXGroup;
			children = (
				1FCC8CAA17ABF2593A34F8F09DDB2242 /* GMSAddress.h */,
				4CFB97221DF23455E8D3754C2DD72F5E /* GMSCALayer.h */,
				A64A2153813C3F0A4445E6E978DE855E /* GMSCameraPosition.h */,
				5C92B54F48252C982E32A4CF12DA4183 /* GMSCameraUpdate.h */,
				9B4D859C3B43A7191CE023B1552B921C /* GMSCircle.h */,
				9FB310DCC6CADE1A041BE7DF7DCD55C3 /* GMSCoordinateBounds+GoogleMaps.h */,
				26583D0D66BC047D08666083EC9F49FF /* GMSGeocoder.h */,
				648E73400C58C8C16C0B999CF83DB102 /* GMSGeometryUtils.h */,
				B3C9AB6A1B78FD3B92551DD21E502464 /* GMSGroundOverlay.h */,
				A4876476DFB392EEC4B6D4A43E574161 /* GMSIndoorBuilding.h */,
				92217EACC853FC6B76F97A457C8B1AD9 /* GMSIndoorDisplay.h */,
				FF66C54F132F634485EE0F5BB1EC015D /* GMSIndoorLevel.h */,
				EE97E40B76C8894A27CC4D770A8D7F70 /* GMSMapLayer.h */,
				717125A4482692C8CD8336CBFEE60835 /* GMSMapStyle.h */,
				DD748D2FC576A6B82BA27D61598BEE2F /* GMSMapView.h */,
				5DB96932808DB87A59B25AA5522B64FD /* GMSMapView+Animation.h */,
				C9DBF284990A8266905E6502C3BAF74F /* GMSMarker.h */,
				84E7A3E5AEC117B85659C142524F9B89 /* GMSMarkerLayer.h */,
				287381533F49C0D98596888CEC46D6A7 /* GMSMutablePath.h */,
				9D54EC6EFA332F7AC8ACD67D45C4275C /* GMSOrientation.h */,
				91CD06144BC59BD639758EB1A014BBAB /* GMSOverlay.h */,
				71D8BC2ED4112915CA5EE23E9E1760F6 /* GMSOverlayLayer.h */,
				F8241571F84F20AAFD1C422BE3CEB354 /* GMSPanorama.h */,
				E3616E087F2D549210D9536B9EAF3DFF /* GMSPanoramaCamera.h */,
				CC9C1B49F5D259BF25E2AAF7B6BBBCD7 /* GMSPanoramaCameraUpdate.h */,
				3A41E576AC771543B9100B374B75F3FA /* GMSPanoramaLayer.h */,
				74928B4F5EF8788CD41FE489765EE8C8 /* GMSPanoramaLink.h */,
				F54EFE788A47B06B0537F1F209475452 /* GMSPanoramaService.h */,
				8CF62E338A6665997CEF86FBC8BAF53A /* GMSPanoramaSource.h */,
				85FF020F8EC34D6167173A600A86C026 /* GMSPanoramaView.h */,
				D0C4A76D9A70592B39205400E2BBC46B /* GMSPath.h */,
				9EA57953152BBBF9F0FD435938A47980 /* GMSPolygon.h */,
				02FF9AA59576AE2C109F5A66D11B9395 /* GMSPolygonLayer.h */,
				BEB07D56480D314A1A47F3B4BFDDE46F /* GMSPolyline.h */,
				E7B82865EA26F1A892ABCE1BEABAE807 /* GMSProjection.h */,
				D7EFE1F873F72C50BF602726FFBA4ADE /* GMSServices.h */,
				A88CF93C0B7AEB51599D0BEE890F621A /* GMSSyncTileLayer.h */,
				8D9B1DE695C057A98B4C8FF13B0262B9 /* GMSTileLayer.h */,
				442E4508EFDE38C8F949558B63781EA7 /* GMSUISettings.h */,
				34C1D29576187D039EA65892D0BFDE9D /* GMSURLTileLayer.h */,
				F365E325088DC6A990009AEB2D4CB3F4 /* GoogleMaps.h */,
			);
			path = Headers;
			sourceTree = "<group>";
		};
		EF0B8003D72164AE891F9766AE401DC7 /* Products */ = {
			isa = PBXGroup;
			children = (
				936BB3BD802D874C3282CC74E87E9564 /* GoogleMaps.framework */,
				3150E92FABC72B94436E8A55C8FBBF9E /* GoogleMapsBase.framework */,
				40A1DC33AD051226EA19FE5172E9BADC /* GoogleMapsM4B.framework */,
			);
			name = Products;
			sourceTree = "<group>";
		};
		FE3EFC080854A5F89E04D51E25865B0C /* Maps */ = {
			isa = PBXGroup;
			children = (
				A27C83E476C476782985C5CF7908E635 /* Frameworks */,
			);
			path = Maps;
			sourceTree = "<group>";
		};
/* End PBXGroup section */

/* Begin PBXHeadersBuildPhase section */
		0E1E7E0720A7B4B003D0B9E10BEFD049 /* Headers */ = {
			isa = PBXHeadersBuildPhase;
			buildActionMask = 2147483647;
			files = (
				92E3A18CFF6582101400162035D6D346 /* GMSAddress.h in Headers */,
				8A3E62A3A7C57FA2EC15C67697A00680 /* GMSCALayer.h in Headers */,
				978458CD8B8034E17D6A24CDACE0FDF1 /* GMSCameraPosition.h in Headers */,
				324D7A3FA15A8EF9E193FF69B5237797 /* GMSCameraUpdate.h in Headers */,
				0DCEACF649E95198260803446C271674 /* GMSCircle.h in Headers */,
				1FDD99EC1B19974799F14AD541109C9A /* GMSCoordinateBounds+GoogleMaps.h in Headers */,
				9161B2069DBB3A5039D9C08B5A56D513 /* GMSGeocoder.h in Headers */,
				EC54C9C87117C8009A2871D7D7037333 /* GMSGeometryUtils.h in Headers */,
				53F314F96DE2566C28149C29C070FC09 /* GMSGroundOverlay.h in Headers */,
				88B11CC1D3B295C36EF7235D7427B8BC /* GMSIndoorBuilding.h in Headers */,
				F92CE9CE5D027C455E012D87A0D3244C /* GMSIndoorDisplay.h in Headers */,
				E26AA0CF53D2DB4F0010EFF4CFE3B399 /* GMSIndoorLevel.h in Headers */,
				1B43DCFAD0C1BE39CF81EF5F67B3A44F /* GMSMapLayer.h in Headers */,
				577B5FA1528E875DCC3DA2E63ABED45F /* GMSMapStyle.h in Headers */,
				0899B74F4E284DB67AB022E7C25D2375 /* GMSMapView+Animation.h in Headers */,
				A271A79F8F988C3E8C65985D082CECE4 /* GMSMapView.h in Headers */,
				636A418BA44AB4FCB98830DDABB22208 /* GMSMarker.h in Headers */,
				8C795FFEA372B28C5F774411CD045FF7 /* GMSMarkerLayer.h in Headers */,
				B7AE0E7E0D6C39C3395E29D714BE7781 /* GMSMutablePath.h in Headers */,
				6F89565E118BAC93124B8F4BC1B1D53E /* GMSOrientation.h in Headers */,
				A2CF170C7FCADD19B62BE1F424295A2A /* GMSOverlay.h in Headers */,
				9880623202AB179B351EAA5A3CD07105 /* GMSOverlayLayer.h in Headers */,
				AA72CA6054148EE0B3DFFE676E3D2458 /* GMSPanorama.h in Headers */,
				61CF7969320CD5CBA795C9BE0B2A2DF0 /* GMSPanoramaCamera.h in Headers */,
				2845BEB6089C75141DF3058762124359 /* GMSPanoramaCameraUpdate.h in Headers */,
				9727C9BA059BDC847D3FC2D957BE7374 /* GMSPanoramaLayer.h in Headers */,
				6FAB0CC6FA023AA2996871A1D3682D9F /* GMSPanoramaLink.h in Headers */,
				FFB14A110E81E8E953FB2F4839875DC9 /* GMSPanoramaService.h in Headers */,
				A98B602AF232F5A4E0985C27C42FD711 /* GMSPanoramaSource.h in Headers */,
				02BE18AF48AACC1F1F03B49740C2A579 /* GMSPanoramaView.h in Headers */,
				657C223896B02B6A2FC527CF6B665BCE /* GMSPath.h in Headers */,
				C8DD87CAACB8F0F9F9A062D8764657FB /* GMSPolygon.h in Headers */,
				3F48A3F98E1EED7CA568C91A486063EE /* GMSPolygonLayer.h in Headers */,
				AFADED8848DD1F498D6798DAF7DB2A1E /* GMSPolyline.h in Headers */,
				342D446C16D79AC5CC06005B20261C8B /* GMSProjection.h in Headers */,
				445B3EA7B5361E6B8527B6CC63AE963E /* GMSServices.h in Headers */,
				95D36108819F43C8F3DB8F3550F25459 /* GMSSyncTileLayer.h in Headers */,
				8289A6D0EC21D795358DC310B9F56223 /* GMSTileLayer.h in Headers */,
				3D1CE09266B6F5F595DA62ADA5C25A8B /* GMSUISettings.h in Headers */,
				B9E8996EB1E8BA6F69870BDA526EAE90 /* GMSURLTileLayer.h in Headers */,
				C1F597F45D3A39D712CE3DC11ECB3CB5 /* GoogleMaps.h in Headers */,
			);
			runOnlyForDeploymentPostprocessing = 0;
		};
		98B1DA1A79793DDCBD15EAB8E45C1CFC /* Headers */ = {
			isa = PBXHeadersBuildPhase;
			buildActionMask = 2147483647;
			files = (
				E00E850C9CEFF9B41490FE639D99B20F /* GMSCompatabilityMacros.h in Headers */,
				401683CD5CC482D8570736D48B7643E6 /* GMSCoordinateBounds.h in Headers */,
				8FF9EC4CE871F37C6FCB976363BB64BB /* GMSDeprecationMacros.h in Headers */,
				5193D156AB1BF41D5105FA0B788B018E /* GoogleMapsBase.h in Headers */,
			);
			runOnlyForDeploymentPostprocessing = 0;
		};
		E9F9B9466DE93B02A2233AD27A7C9216 /* Headers */ = {
			isa = PBXHeadersBuildPhase;
			buildActionMask = 2147483647;
			files = (
				2F6CB1BCF2E166B93A694BFE07F4F6B9 /* GMSAddress.h in Headers */,
				8061124BBED145D0848B51948FB1F256 /* GMSCALayer.h in Headers */,
				28C0781F33EF3245A3C8192B744154ED /* GMSCameraPosition.h in Headers */,
				34DF1CCDEAA466EA5E48391F79533BA0 /* GMSCameraUpdate.h in Headers */,
				B4297DA1D29A4593E841820A1045006D /* GMSCircle.h in Headers */,
				9C57ED1E56F40CD8A272DCC311DBCACD /* GMSCoordinateBounds+GoogleMaps.h in Headers */,
				5653DFDBB131B4618B6D6BD8430A907D /* GMSGeocoder.h in Headers */,
				95358AC9616B0EAF40D6285C360F82B3 /* GMSGeometryUtils.h in Headers */,
				93E78163FEF488FC868B5402ECAF6823 /* GMSGroundOverlay.h in Headers */,
				DC9991C34DC49CC86ECF6CF7A9AF5632 /* GMSIndoorBuilding.h in Headers */,
				8BAF9EDCDE5915E64A4895FBF3A1EF82 /* GMSIndoorDisplay.h in Headers */,
				98353253C5C42EA1250FB4A7B672AF9E /* GMSIndoorLevel.h in Headers */,
				32BD20801864CE76EDC583C214775078 /* GMSMapLayer.h in Headers */,
				4E1178E85B1696539EE4DDFBD12EC40D /* GMSMapStyle.h in Headers */,
				372D0162C5021CE7084E752A0DDC9258 /* GMSMapView+Animation.h in Headers */,
				D3F472A1B11B0F587D6AE9982513854F /* GMSMapView.h in Headers */,
				C7DD0841D926E223882A59ACB6F0CBA8 /* GMSMarker.h in Headers */,
				738209ED5E4B29BBCF8BF87C679CA2CB /* GMSMarkerLayer.h in Headers */,
				A21E91C852145ACF7CDA6D31A532CE36 /* GMSMutablePath.h in Headers */,
				43B7BC720E9A99AA9D440807D4B71283 /* GMSOrientation.h in Headers */,
				8A7CAB756B36EBA9890384DBE1542B08 /* GMSOverlay.h in Headers */,
				FC00473A385471B7C47768235E0F552E /* GMSOverlayLayer.h in Headers */,
				8D3FA361F3A98E4637D8B28C50556AF0 /* GMSPanorama.h in Headers */,
				F0E87DD238D230DE9FA6E7B563980FF1 /* GMSPanoramaCamera.h in Headers */,
				5D283064B4CADCAB3318D44C3F75B394 /* GMSPanoramaCameraUpdate.h in Headers */,
				FF6EA6C103537D634F69406CD5BFD4E8 /* GMSPanoramaLayer.h in Headers */,
				AF874BB620BBB011F019C4F2B34110F6 /* GMSPanoramaLink.h in Headers */,
				2DFE4CF7B4F98964D82F4035F9D8D363 /* GMSPanoramaService.h in Headers */,
				6209FBD131FBF79C666DB1F45DE20BF4 /* GMSPanoramaSource.h in Headers */,
				33511B1D6AC39F03468354FB22B69B03 /* GMSPanoramaView.h in Headers */,
				E6D91A79ED8ABC55D15ADE3245B979BE /* GMSPath.h in Headers */,
				E44AD58733B5BA6CBCD5B26E05959D33 /* GMSPolygon.h in Headers */,
				2B38F1CCAE5DCADA761A6378E6C38028 /* GMSPolygonLayer.h in Headers */,
				AB40D1D8A1A2C84FA35ECF54DB4A5059 /* GMSPolyline.h in Headers */,
				AAFC353A2077A30B71C192E133E95676 /* GMSProjection.h in Headers */,
				4E8CD1E1F37816267A85F2696C67238A /* GMSServices.h in Headers */,
				E3AFCE80C33E5DE417F949223B2DB928 /* GMSSyncTileLayer.h in Headers */,
				CA2BA308E00DC2A624E1D6B319F5E118 /* GMSTileLayer.h in Headers */,
				AD6F6AA4C6F53FF281B7919779B3843D /* GMSUISettings.h in Headers */,
				10BA5BFED1F2145E3C643944940F5F17 /* GMSURLTileLayer.h in Headers */,
				3D424E3765829E480BD25B7EFD33001F /* GoogleMaps.h in Headers */,
			);
			runOnlyForDeploymentPostprocessing = 0;
		};
/* End PBXHeadersBuildPhase section */

/* Begin PBXNativeTarget section */
		2DBBE14DAE966F9E769F2DAE9E1389A1 /* GoogleMapsM4B */ = {
			isa = PBXNativeTarget;
			buildConfigurationList = 0A2101565A95A6CB8625466F58D5C607 /* Build configuration list for PBXNativeTarget "GoogleMapsM4B" */;
			buildPhases = (
				0E1E7E0720A7B4B003D0B9E10BEFD049 /* Headers */,
				378D574562D1451FC209AA4A111B5C74 /* Sources */,
				958CB2A215DFA3E91F9EF286F035875E /* Resources */,
				5660AC3CBA87AFBDF76C65DFC73AF0A7 /* Frameworks */,
			);
			buildRules = (
			);
			dependencies = (
				057F21E8958EF2B5681B900679BD345B /* PBXTargetDependency */,
				34F940159654B353EE2F552C1E89EDE7 /* PBXTargetDependency */,
			);
			name = GoogleMapsM4B;
			productName = GoogleMapsM4B;
			productReference = 40A1DC33AD051226EA19FE5172E9BADC /* GoogleMapsM4B.framework */;
			productType = "com.apple.product-type.framework";
		};
		821D5535AC8EAF04D623732DC309B9E4 /* GoogleMaps */ = {
			isa = PBXNativeTarget;
			buildConfigurationList = 51971B63CB150471848DC9F53F130901 /* Build configuration list for PBXNativeTarget "GoogleMaps" */;
			buildPhases = (
				E9F9B9466DE93B02A2233AD27A7C9216 /* Headers */,
				DEDA304B3312C6C48ED55DC99B756E0C /* Sources */,
				1A032929FBC0EF3CEA18EFA12E24CF5E /* Resources */,
				F948750ED8D3D09FCB7AF111068D6BBE /* Frameworks */,
			);
			buildRules = (
			);
			dependencies = (
				20207D7A0E9F6402ED8651E9BFCC6F86 /* PBXTargetDependency */,
			);
			name = GoogleMaps;
			productName = GoogleMaps;
			productReference = 936BB3BD802D874C3282CC74E87E9564 /* GoogleMaps.framework */;
			productType = "com.apple.product-type.framework";
		};
		88FD20C50EB2A7DFDAF7EDA649C62618 /* GoogleMapsBase */ = {
			isa = PBXNativeTarget;
			buildConfigurationList = 47329EDFA2792AE61EB06260E32D6276 /* Build configuration list for PBXNativeTarget "GoogleMapsBase" */;
			buildPhases = (
				98B1DA1A79793DDCBD15EAB8E45C1CFC /* Headers */,
				6831DCDCE0DF9956C1356A56724434DB /* Sources */,
				45AD9119E45E87220155085ED1E87920 /* Frameworks */,
			);
			buildRules = (
			);
			dependencies = (
			);
			name = GoogleMapsBase;
			productName = GoogleMapsBase;
			productReference = 3150E92FABC72B94436E8A55C8FBBF9E /* GoogleMapsBase.framework */;
			productType = "com.apple.product-type.framework";
		};
/* End PBXNativeTarget section */

/* Begin PBXProject section */
		33CA58F2CE4962E061D4E27710125FB1 /* Project object */ = {
			isa = PBXProject;
			attributes = {
				LastUpgradeCheck = 1000;
				ORGANIZATIONNAME = Google;
			};
			buildConfigurationList = C597158632AECDDB3CBC4C9E93CCD6E6 /* Build configuration list for PBXProject "GoogleMaps" */;
			compatibilityVersion = "Xcode 9.3";
			developmentRegion = en;
			hasScannedForEncodings = 0;
			knownRegions = (
				en,
			);
			mainGroup = 1AA8FBF38A17FEE8CFC1E73A794F214D;
			projectDirPath = "";
			projectRoot = "";
			targets = (
				821D5535AC8EAF04D623732DC309B9E4 /* GoogleMaps */,
				88FD20C50EB2A7DFDAF7EDA649C62618 /* GoogleMapsBase */,
				2DBBE14DAE966F9E769F2DAE9E1389A1 /* GoogleMapsM4B */,
			);
		};
/* End PBXProject section */

/* Begin PBXResourcesBuildPhase section */
		1A032929FBC0EF3CEA18EFA12E24CF5E /* Resources */ = {
			isa = PBXResourcesBuildPhase;
			buildActionMask = 2147483647;
			files = (
				65B002542751372CC42EED7D0790D49D /* GoogleMaps.bundle in Resources */,
			);
			runOnlyForDeploymentPostprocessing = 0;
		};
		958CB2A215DFA3E91F9EF286F035875E /* Resources */ = {
			isa = PBXResourcesBuildPhase;
			buildActionMask = 2147483647;
			files = (
				D461AE27245874D1980B7BA4DB831C08 /* GoogleMaps.bundle in Resources */,
			);
			runOnlyForDeploymentPostprocessing = 0;
		};
/* End PBXResourcesBuildPhase section */

/* Begin PBXSourcesBuildPhase section */
		378D574562D1451FC209AA4A111B5C74 /* Sources */ = {
			isa = PBXSourcesBuildPhase;
			buildActionMask = 2147483647;
			files = (
			);
			runOnlyForDeploymentPostprocessing = 0;
		};
		6831DCDCE0DF9956C1356A56724434DB /* Sources */ = {
			isa = PBXSourcesBuildPhase;
			buildActionMask = 2147483647;
			files = (
			);
			runOnlyForDeploymentPostprocessing = 0;
		};
		DEDA304B3312C6C48ED55DC99B756E0C /* Sources */ = {
			isa = PBXSourcesBuildPhase;
			buildActionMask = 2147483647;
			files = (
			);
			runOnlyForDeploymentPostprocessing = 0;
		};
/* End PBXSourcesBuildPhase section */

/* Begin PBXTargetDependency section */
		057F21E8958EF2B5681B900679BD345B /* PBXTargetDependency */ = {
			isa = PBXTargetDependency;
			target = 88FD20C50EB2A7DFDAF7EDA649C62618 /* GoogleMapsBase */;
			targetProxy = E72C8F265BD4E7E9B4E5F86B2A92AC0D /* PBXContainerItemProxy */;
		};
		20207D7A0E9F6402ED8651E9BFCC6F86 /* PBXTargetDependency */ = {
			isa = PBXTargetDependency;
			target = 88FD20C50EB2A7DFDAF7EDA649C62618 /* GoogleMapsBase */;
			targetProxy = 60C4F8C9ABFAD951D09BBFD9F17BB404 /* PBXContainerItemProxy */;
		};
		34F940159654B353EE2F552C1E89EDE7 /* PBXTargetDependency */ = {
			isa = PBXTargetDependency;
			target = 821D5535AC8EAF04D623732DC309B9E4 /* GoogleMaps */;
			targetProxy = C36DDA148368D00AC14FAE90DB926690 /* PBXContainerItemProxy */;
		};
/* End PBXTargetDependency section */

/* Begin XCBuildConfiguration section */
		17CBD840298044FB62CC2511C6439480 /* Release */ = {
			isa = XCBuildConfiguration;
			buildSettings = {
				CODE_SIGN_IDENTITY = "";
				CURRENT_PROJECT_VERSION = 1;
				DEFINES_MODULE = YES;
				DYLIB_COMPATIBILITY_VERSION = 1;
				DYLIB_CURRENT_VERSION = 1;
				DYLIB_INSTALL_NAME_BASE = "@rpath";
				FRAMEWORK_SEARCH_PATHS = (
					"$(inherited)",
					"\"Base/Frameworks\"",
				);
				INFOPLIST_FILE = Base/Info.plist;
				INSTALL_PATH = "$(LOCAL_LIBRARY_DIR)/Frameworks";
				LD_RUNPATH_SEARCH_PATHS = "$(inherited) @executable_path/Frameworks";
				MODULEMAP_FILE = Base/Frameworks/GoogleMapsBase.framework/Modules/module.modulemap;
				PRODUCT_BUNDLE_IDENTIFIER = com.google.GoogleMapsBase;
				SDKROOT = iphoneos;
				SKIP_INSTALL = YES;
				TARGETED_DEVICE_FAMILY = "1,2";
				VERSIONING_SYSTEM = "apple-generic";
			};
			name = Release;
		};
		75C6CD543ED4970A67B7DF4E8EB3CAEC /* Release */ = {
			isa = XCBuildConfiguration;
			buildSettings = {
				CODE_SIGN_IDENTITY = "";
				CURRENT_PROJECT_VERSION = 1;
				DEFINES_MODULE = YES;
				DYLIB_COMPATIBILITY_VERSION = 1;
				DYLIB_CURRENT_VERSION = 1;
				DYLIB_INSTALL_NAME_BASE = "@rpath";
				FRAMEWORK_SEARCH_PATHS = (
					"$(inherited)",
					"\"Maps/Frameworks\"",
				);
				INFOPLIST_FILE = Maps/Info.plist;
				INSTALL_PATH = "$(LOCAL_LIBRARY_DIR)/Frameworks";
				LD_RUNPATH_SEARCH_PATHS = "$(inherited) @executable_path/Frameworks";
				MODULEMAP_FILE = Maps/Frameworks/GoogleMaps.framework/Modules/module.modulemap;
				OTHER_LDFLAGS = (
					"$(inherited)",
					"-ObjC",
				);
				PRODUCT_BUNDLE_IDENTIFIER = com.google.GoogleMaps;
				SDKROOT = iphoneos;
				SKIP_INSTALL = YES;
				TARGETED_DEVICE_FAMILY = "1,2";
				VERSIONING_SYSTEM = "apple-generic";
			};
			name = Release;
		};
		7E2BE1F1B59E03547FFF2DAC6E3DC2D3 /* Release */ = {
			isa = XCBuildConfiguration;
			buildSettings = {
				CODE_SIGN_IDENTITY = "";
				CURRENT_PROJECT_VERSION = 1;
				DEFINES_MODULE = YES;
				DYLIB_COMPATIBILITY_VERSION = 1;
				DYLIB_CURRENT_VERSION = 1;
				DYLIB_INSTALL_NAME_BASE = "@rpath";
				FRAMEWORK_SEARCH_PATHS = (
					"$(inherited)",
					"\"M4B/Frameworks\"",
				);
				INFOPLIST_FILE = Maps/Info.plist;
				INSTALL_PATH = "$(LOCAL_LIBRARY_DIR)/Frameworks";
				LD_RUNPATH_SEARCH_PATHS = "$(inherited) @executable_path/Frameworks";
				MODULEMAP_FILE = M4B/Frameworks/GoogleMapsM4B.framework/Modules/module.modulemap;
				OTHER_LDFLAGS = (
					"$(inherited)",
					"-ObjC",
				);
				PRODUCT_BUNDLE_IDENTIFIER = com.google.GoogleMapsM4B;
				SDKROOT = iphoneos;
				SKIP_INSTALL = YES;
				TARGETED_DEVICE_FAMILY = "1,2";
				VERSIONING_SYSTEM = "apple-generic";
			};
			name = Release;
		};
		85301CE328784304FAF7556ABB9522C7 /* Debug */ = {
			isa = XCBuildConfiguration;
			buildSettings = {
				CODE_SIGN_IDENTITY = "";
				CURRENT_PROJECT_VERSION = 1;
				DEFINES_MODULE = YES;
				DYLIB_COMPATIBILITY_VERSION = 1;
				DYLIB_CURRENT_VERSION = 1;
				DYLIB_INSTALL_NAME_BASE = "@rpath";
				FRAMEWORK_SEARCH_PATHS = (
					"$(inherited)",
					"\"Base/Frameworks\"",
				);
				INFOPLIST_FILE = Base/Info.plist;
				INSTALL_PATH = "$(LOCAL_LIBRARY_DIR)/Frameworks";
				LD_RUNPATH_SEARCH_PATHS = "$(inherited) @executable_path/Frameworks";
				MODULEMAP_FILE = Base/Frameworks/GoogleMapsBase.framework/Modules/module.modulemap;
				PRODUCT_BUNDLE_IDENTIFIER = com.google.GoogleMapsBase;
				SDKROOT = iphoneos;
				SKIP_INSTALL = YES;
				TARGETED_DEVICE_FAMILY = "1,2";
				VERSIONING_SYSTEM = "apple-generic";
			};
			name = Debug;
		};
		90541C937A6FA29706ED0C4FF44C84BB /* Debug */ = {
			isa = XCBuildConfiguration;
			buildSettings = {
				CODE_SIGN_IDENTITY = "";
				CURRENT_PROJECT_VERSION = 1;
				DEFINES_MODULE = YES;
				DYLIB_COMPATIBILITY_VERSION = 1;
				DYLIB_CURRENT_VERSION = 1;
				DYLIB_INSTALL_NAME_BASE = "@rpath";
				FRAMEWORK_SEARCH_PATHS = (
					"$(inherited)",
					"\"Maps/Frameworks\"",
				);
				INFOPLIST_FILE = Maps/Info.plist;
				INSTALL_PATH = "$(LOCAL_LIBRARY_DIR)/Frameworks";
				LD_RUNPATH_SEARCH_PATHS = "$(inherited) @executable_path/Frameworks";
				MODULEMAP_FILE = Maps/Frameworks/GoogleMaps.framework/Modules/module.modulemap;
				OTHER_LDFLAGS = (
					"$(inherited)",
					"-ObjC",
				);
				PRODUCT_BUNDLE_IDENTIFIER = com.google.GoogleMaps;
				SDKROOT = iphoneos;
				SKIP_INSTALL = YES;
				TARGETED_DEVICE_FAMILY = "1,2";
				VERSIONING_SYSTEM = "apple-generic";
			};
			name = Debug;
		};
		CEF24FECFB29AB602D1E8EB085919C89 /* Debug */ = {
			isa = XCBuildConfiguration;
			buildSettings = {
				CODE_SIGN_IDENTITY = "";
				CURRENT_PROJECT_VERSION = 1;
				DEFINES_MODULE = YES;
				DYLIB_COMPATIBILITY_VERSION = 1;
				DYLIB_CURRENT_VERSION = 1;
				DYLIB_INSTALL_NAME_BASE = "@rpath";
				FRAMEWORK_SEARCH_PATHS = (
					"$(inherited)",
					"\"M4B/Frameworks\"",
				);
				INFOPLIST_FILE = Maps/Info.plist;
				INSTALL_PATH = "$(LOCAL_LIBRARY_DIR)/Frameworks";
				LD_RUNPATH_SEARCH_PATHS = "$(inherited) @executable_path/Frameworks";
				MODULEMAP_FILE = M4B/Frameworks/GoogleMapsM4B.framework/Modules/module.modulemap;
				OTHER_LDFLAGS = (
					"$(inherited)",
					"-ObjC",
				);
				PRODUCT_BUNDLE_IDENTIFIER = com.google.GoogleMapsM4B;
				SDKROOT = iphoneos;
				SKIP_INSTALL = YES;
				TARGETED_DEVICE_FAMILY = "1,2";
				VERSIONING_SYSTEM = "apple-generic";
			};
			name = Debug;
		};
		DA892E2EE8E1A6431B1C420BD276F1EA /* Debug */ = {
			isa = XCBuildConfiguration;
			buildSettings = {
				ALWAYS_SEARCH_USER_PATHS = NO;
				CLANG_ANALYZER_NONNULL = YES;
				CLANG_ANALYZER_NUMBER_OBJECT_CONVERSION = YES_AGGRESSIVE;
				CLANG_CXX_LANGUAGE_STANDARD = "gnu++14";
				CLANG_CXX_LIBRARY = "libc++";
				CLANG_ENABLE_MODULES = YES;
				CLANG_ENABLE_OBJC_ARC = YES;
				CLANG_WARN_BLOCK_CAPTURE_AUTORELEASING = YES;
				CLANG_WARN_BOOL_CONVERSION = YES;
				CLANG_WARN_COMMA = YES;
				CLANG_WARN_CONSTANT_CONVERSION = YES;
				CLANG_WARN_DEPRECATED_OBJC_IMPLEMENTATIONS = YES;
				CLANG_WARN_DIRECT_OBJC_ISA_USAGE = YES_ERROR;
				CLANG_WARN_DOCUMENTATION_COMMENTS = YES;
				CLANG_WARN_EMPTY_BODY = YES;
				CLANG_WARN_ENUM_CONVERSION = YES;
				CLANG_WARN_INFINITE_RECURSION = YES;
				CLANG_WARN_INT_CONVERSION = YES;
				CLANG_WARN_NON_LITERAL_NULL_CONVERSION = YES;
				CLANG_WARN_OBJC_IMPLICIT_RETAIN_SELF = YES;
				CLANG_WARN_OBJC_LITERAL_CONVERSION = YES;
				CLANG_WARN_OBJC_ROOT_CLASS = YES_ERROR;
				CLANG_WARN_RANGE_LOOP_ANALYSIS = YES;
				CLANG_WARN_STRICT_PROTOTYPES = YES;
				CLANG_WARN_SUSPICIOUS_MOVE = YES;
				CLANG_WARN_UNGUARDED_AVAILABILITY = YES_AGGRESSIVE;
				CLANG_WARN_UNREACHABLE_CODE = YES;
				CLANG_WARN__DUPLICATE_METHOD_MATCH = YES;
				COPY_PHASE_STRIP = NO;
				DEBUG_INFORMATION_FORMAT = dwarf;
				ENABLE_STRICT_OBJC_MSGSEND = YES;
				ENABLE_TESTABILITY = YES;
				GCC_C_LANGUAGE_STANDARD = gnu11;
				GCC_DYNAMIC_NO_PIC = NO;
				GCC_NO_COMMON_BLOCKS = YES;
				GCC_OPTIMIZATION_LEVEL = 0;
				GCC_PREPROCESSOR_DEFINITIONS = (
					"$(inherited)",
					"DEBUG=1",
				);
				GCC_WARN_64_TO_32_BIT_CONVERSION = YES;
				GCC_WARN_ABOUT_RETURN_TYPE = YES_ERROR;
				GCC_WARN_UNDECLARED_SELECTOR = YES;
				GCC_WARN_UNINITIALIZED_AUTOS = YES_AGGRESSIVE;
				GCC_WARN_UNUSED_FUNCTION = YES;
				GCC_WARN_UNUSED_VARIABLE = YES;
				IPHONEOS_DEPLOYMENT_TARGET = 9.0;
				MTL_ENABLE_DEBUG_INFO = YES;
				ONLY_ACTIVE_ARCH = YES;
				PRODUCT_NAME = "$(TARGET_NAME)";
				SDKROOT = iphoneos;
				SWIFT_ACTIVE_COMPILATION_CONDITIONS = DEBUG;
				SWIFT_OPTIMIZATION_LEVEL = "-Onone";
				SWIFT_VERSION = 4.2;
			};
			name = Debug;
		};
		E15D6783675B77547622E421B51B6241 /* Release */ = {
			isa = XCBuildConfiguration;
			buildSettings = {
				ALWAYS_SEARCH_USER_PATHS = NO;
				CLANG_ANALYZER_NONNULL = YES;
				CLANG_ANALYZER_NUMBER_OBJECT_CONVERSION = YES_AGGRESSIVE;
				CLANG_CXX_LANGUAGE_STANDARD = "gnu++14";
				CLANG_CXX_LIBRARY = "libc++";
				CLANG_ENABLE_MODULES = YES;
				CLANG_ENABLE_OBJC_ARC = YES;
				CLANG_WARN_BLOCK_CAPTURE_AUTORELEASING = YES;
				CLANG_WARN_BOOL_CONVERSION = YES;
				CLANG_WARN_COMMA = YES;
				CLANG_WARN_CONSTANT_CONVERSION = YES;
				CLANG_WARN_DEPRECATED_OBJC_IMPLEMENTATIONS = YES;
				CLANG_WARN_DIRECT_OBJC_ISA_USAGE = YES_ERROR;
				CLANG_WARN_DOCUMENTATION_COMMENTS = YES;
				CLANG_WARN_EMPTY_BODY = YES;
				CLANG_WARN_ENUM_CONVERSION = YES;
				CLANG_WARN_INFINITE_RECURSION = YES;
				CLANG_WARN_INT_CONVERSION = YES;
				CLANG_WARN_NON_LITERAL_NULL_CONVERSION = YES;
				CLANG_WARN_OBJC_IMPLICIT_RETAIN_SELF = YES;
				CLANG_WARN_OBJC_LITERAL_CONVERSION = YES;
				CLANG_WARN_OBJC_ROOT_CLASS = YES_ERROR;
				CLANG_WARN_RANGE_LOOP_ANALYSIS = YES;
				CLANG_WARN_STRICT_PROTOTYPES = YES;
				CLANG_WARN_SUSPICIOUS_MOVE = YES;
				CLANG_WARN_UNGUARDED_AVAILABILITY = YES_AGGRESSIVE;
				CLANG_WARN_UNREACHABLE_CODE = YES;
				CLANG_WARN__DUPLICATE_METHOD_MATCH = YES;
				COPY_PHASE_STRIP = NO;
				DEBUG_INFORMATION_FORMAT = "dwarf-with-dsym";
				ENABLE_NS_ASSERTIONS = NO;
				ENABLE_STRICT_OBJC_MSGSEND = YES;
				GCC_C_LANGUAGE_STANDARD = gnu11;
				GCC_NO_COMMON_BLOCKS = YES;
				GCC_WARN_64_TO_32_BIT_CONVERSION = YES;
				GCC_WARN_ABOUT_RETURN_TYPE = YES_ERROR;
				GCC_WARN_UNDECLARED_SELECTOR = YES;
				GCC_WARN_UNINITIALIZED_AUTOS = YES_AGGRESSIVE;
				GCC_WARN_UNUSED_FUNCTION = YES;
				GCC_WARN_UNUSED_VARIABLE = YES;
				IPHONEOS_DEPLOYMENT_TARGET = 9.0;
				PRODUCT_NAME = "$(TARGET_NAME)";
				SDKROOT = iphoneos;
				SWIFT_OPTIMIZATION_LEVEL = "-Owholemodule";
				SWIFT_VERSION = 4.2;
				VALIDATE_PRODUCT = YES;
			};
			name = Release;
		};
/* End XCBuildConfiguration section */

/* Begin XCConfigurationList section */
		0A2101565A95A6CB8625466F58D5C607 /* Build configuration list for PBXNativeTarget "GoogleMapsM4B" */ = {
			isa = XCConfigurationList;
			buildConfigurations = (
				CEF24FECFB29AB602D1E8EB085919C89 /* Debug */,
				7E2BE1F1B59E03547FFF2DAC6E3DC2D3 /* Release */,
			);
			defaultConfigurationIsVisible = 0;
			defaultConfigurationName = "";
		};
		47329EDFA2792AE61EB06260E32D6276 /* Build configuration list for PBXNativeTarget "GoogleMapsBase" */ = {
			isa = XCConfigurationList;
			buildConfigurations = (
				85301CE328784304FAF7556ABB9522C7 /* Debug */,
				17CBD840298044FB62CC2511C6439480 /* Release */,
			);
			defaultConfigurationIsVisible = 0;
			defaultConfigurationName = "";
		};
		51971B63CB150471848DC9F53F130901 /* Build configuration list for PBXNativeTarget "GoogleMaps" */ = {
			isa = XCConfigurationList;
			buildConfigurations = (
				90541C937A6FA29706ED0C4FF44C84BB /* Debug */,
				75C6CD543ED4970A67B7DF4E8EB3CAEC /* Release */,
			);
			defaultConfigurationIsVisible = 0;
			defaultConfigurationName = "";
		};
		C597158632AECDDB3CBC4C9E93CCD6E6 /* Build configuration list for PBXProject "GoogleMaps" */ = {
			isa = XCConfigurationList;
			buildConfigurations = (
				DA892E2EE8E1A6431B1C420BD276F1EA /* Debug */,
				E15D6783675B77547622E421B51B6241 /* Release */,
			);
			defaultConfigurationIsVisible = 0;
			defaultConfigurationName = Debug;
		};
/* End XCConfigurationList section */
	};
	rootObject = 33CA58F2CE4962E061D4E27710125FB1 /* Project object */;
}
